
Microsoft Visual Studio Solution File, Format Version 12.00
# Visual Studio 15
VisualStudioVersion = 15.0.27004.2005
MinimumVisualStudioVersion = 10.0.40219.1
Project("{FAE04EC0-301F-11D3-BF4B-00C04F79EFBC}") = "1.ParkingLot", "1.ParkingLot\1.ParkingLot.csproj", "{C90D6A9F-FE78-4F45-8743-9633B82B3C45}"
EndProject
Project("{FAE04EC0-301F-11D3-BF4B-00C04F79EFBC}") = "2.SoftUniParty", "2.SoftUniParty\2.SoftUniParty.csproj", "{5CB4ED51-BC17-459E-8F17-AE1222F45906}"
EndProject
Project("{FAE04EC0-301F-11D3-BF4B-00C04F79EFBC}") = "3.CountSameValuesInArray", "3.CountSameValuesInArray\3.CountSameValuesInArray.csproj", "{9D226899-F247-461F-92C9-7E126B66D1E6}"
EndProject
Project("{FAE04EC0-301F-11D3-BF4B-00C04F79EFBC}") = "4.AcademyGraduation", "4.AcademyGraduation\4.AcademyGraduation.csproj", "{2A0BF797-36A4-439A-AE7C-44872849659E}"
EndProject
Global
	GlobalSection(SolutionConfigurationPlatforms) = preSolution
		Debug|Any CPU = Debug|Any CPU
		Release|Any CPU = Release|Any CPU
	EndGlobalSection
	GlobalSection(ProjectConfigurationPlatforms) = postSolution
		{C90D6A9F-FE78-4F45-8743-9633B82B3C45}.Debug|Any CPU.ActiveCfg = Debug|Any CPU
		{C90D6A9F-FE78-4F45-8743-9633B82B3C45}.Debug|Any CPU.Build.0 = Debug|Any CPU
		{C90D6A9F-FE78-4F45-8743-9633B82B3C45}.Release|Any CPU.ActiveCfg = Release|Any CPU
		{C90D6A9F-FE78-4F45-8743-9633B82B3C45}.Release|Any CPU.Build.0 = Release|Any CPU
		{5CB4ED51-BC17-459E-8F17-AE1222F45906}.Debug|Any CPU.ActiveCfg = Debug|Any CPU
		{5CB4ED51-BC17-459E-8F17-AE1222F45906}.Debug|Any CPU.Build.0 = Debug|Any CPU
		{5CB4ED51-BC17-459E-8F17-AE1222F45906}.Release|Any CPU.ActiveCfg = Release|Any CPU
		{5CB4ED51-BC17-459E-8F17-AE1222F45906}.Release|Any CPU.Build.0 = Release|Any CPU
		{9D226899-F247-461F-92C9-7E126B66D1E6}.Debug|Any CPU.ActiveCfg = Debug|Any CPU
		{9D226899-F247-461F-92C9-7E126B66D1E6}.Debug|Any CPU.Build.0 = Debug|Any CPU
		{9D226899-F247-461F-92C9-7E126B66D1E6}.Release|Any CPU.ActiveCfg = Release|Any CPU
		{9D226899-F247-461F-92C9-7E126B66D1E6}.Release|Any CPU.Build.0 = Release|Any CPU
		{2A0BF797-36A4-439A-AE7C-44872849659E}.Debug|Any CPU.ActiveCfg = Debug|Any CPU
		{2A0BF797-36A4-439A-AE7C-44872849659E}.Debug|Any CPU.Build.0 = Debug|Any CPU
		{2A0BF797-36A4-439A-AE7C-44872849659E}.Release|Any CPU.ActiveCfg = Release|Any CPU
		{2A0BF797-36A4-439A-AE7C-44872849659E}.Release|Any CPU.Build.0 = Release|Any CPU
	EndGlobalSection
	GlobalSection(SolutionProperties) = preSolution
		HideSolutionNode = FALSE
	EndGlobalSection
	GlobalSection(ExtensibilityGlobals) = postSolution
		SolutionGuid = {01B20043-1EE7-4A7D-9B0D-17DA93FEC187}
	EndGlobalSection
EndGlobal
