
Microsoft Visual Studio Solution File, Format Version 12.00
# Visual Studio 15
VisualStudioVersion = 15.0.27004.2010
MinimumVisualStudioVersion = 10.0.40219.1
Project("{FAE04EC0-301F-11D3-BF4B-00C04F79EFBC}") = "1.TakeTwo", "1.TakeTwo\1.TakeTwo.csproj", "{7FD882D2-1349-421B-B4ED-C1B1D2FDCD20}"
EndProject
Project("{FAE04EC0-301F-11D3-BF4B-00C04F79EFBC}") = "2.UpperStrings", "2.UpperStrings\2.UpperStrings.csproj", "{5C5F0CA2-EB1E-4E17-AC6F-40DE91D5BCEC}"
EndProject
Project("{FAE04EC0-301F-11D3-BF4B-00C04F79EFBC}") = "3.FirstName", "3.FirstName\3.FirstName.csproj", "{36470807-7720-425D-A30C-2B826BA474D0}"
EndProject
Project("{FAE04EC0-301F-11D3-BF4B-00C04F79EFBC}") = "4.AverageOfDoubles", "4.AverageOfDoubles\4.AverageOfDoubles.csproj", "{992CBF6E-68F4-44EA-B254-ABBA8F671152}"
EndProject
Project("{FAE04EC0-301F-11D3-BF4B-00C04F79EFBC}") = "5.MinEvenNumber", "5.MinEvenNumber\5.MinEvenNumber.csproj", "{2C3FEA7C-E755-473A-997F-C69AB8EE348F}"
EndProject
Global
	GlobalSection(SolutionConfigurationPlatforms) = preSolution
		Debug|Any CPU = Debug|Any CPU
		Release|Any CPU = Release|Any CPU
	EndGlobalSection
	GlobalSection(ProjectConfigurationPlatforms) = postSolution
		{7FD882D2-1349-421B-B4ED-C1B1D2FDCD20}.Debug|Any CPU.ActiveCfg = Debug|Any CPU
		{7FD882D2-1349-421B-B4ED-C1B1D2FDCD20}.Debug|Any CPU.Build.0 = Debug|Any CPU
		{7FD882D2-1349-421B-B4ED-C1B1D2FDCD20}.Release|Any CPU.ActiveCfg = Release|Any CPU
		{7FD882D2-1349-421B-B4ED-C1B1D2FDCD20}.Release|Any CPU.Build.0 = Release|Any CPU
		{5C5F0CA2-EB1E-4E17-AC6F-40DE91D5BCEC}.Debug|Any CPU.ActiveCfg = Debug|Any CPU
		{5C5F0CA2-EB1E-4E17-AC6F-40DE91D5BCEC}.Debug|Any CPU.Build.0 = Debug|Any CPU
		{5C5F0CA2-EB1E-4E17-AC6F-40DE91D5BCEC}.Release|Any CPU.ActiveCfg = Release|Any CPU
		{5C5F0CA2-EB1E-4E17-AC6F-40DE91D5BCEC}.Release|Any CPU.Build.0 = Release|Any CPU
		{36470807-7720-425D-A30C-2B826BA474D0}.Debug|Any CPU.ActiveCfg = Debug|Any CPU
		{36470807-7720-425D-A30C-2B826BA474D0}.Debug|Any CPU.Build.0 = Debug|Any CPU
		{36470807-7720-425D-A30C-2B826BA474D0}.Release|Any CPU.ActiveCfg = Release|Any CPU
		{36470807-7720-425D-A30C-2B826BA474D0}.Release|Any CPU.Build.0 = Release|Any CPU
		{992CBF6E-68F4-44EA-B254-ABBA8F671152}.Debug|Any CPU.ActiveCfg = Debug|Any CPU
		{992CBF6E-68F4-44EA-B254-ABBA8F671152}.Debug|Any CPU.Build.0 = Debug|Any CPU
		{992CBF6E-68F4-44EA-B254-ABBA8F671152}.Release|Any CPU.ActiveCfg = Release|Any CPU
		{992CBF6E-68F4-44EA-B254-ABBA8F671152}.Release|Any CPU.Build.0 = Release|Any CPU
		{2C3FEA7C-E755-473A-997F-C69AB8EE348F}.Debug|Any CPU.ActiveCfg = Debug|Any CPU
		{2C3FEA7C-E755-473A-997F-C69AB8EE348F}.Debug|Any CPU.Build.0 = Debug|Any CPU
		{2C3FEA7C-E755-473A-997F-C69AB8EE348F}.Release|Any CPU.ActiveCfg = Release|Any CPU
		{2C3FEA7C-E755-473A-997F-C69AB8EE348F}.Release|Any CPU.Build.0 = Release|Any CPU
	EndGlobalSection
	GlobalSection(SolutionProperties) = preSolution
		HideSolutionNode = FALSE
	EndGlobalSection
	GlobalSection(ExtensibilityGlobals) = postSolution
		SolutionGuid = {094A3232-4F46-40FE-AC96-7BBBE537C5DF}
	EndGlobalSection
EndGlobal
