
Microsoft Visual Studio Solution File, Format Version 12.00
# Visual Studio 15
VisualStudioVersion = 15.0.27130.2010
MinimumVisualStudioVersion = 10.0.40219.1
Project("{FAE04EC0-301F-11D3-BF4B-00C04F79EFBC}") = "1.ClassBox", "1.ClassBox\1.ClassBox.csproj", "{B31F07D0-88D3-4A52-9322-4363F483C47C}"
EndProject
Project("{FAE04EC0-301F-11D3-BF4B-00C04F79EFBC}") = "2.ClassBoxDataValidation", "2.ClassBoxDataValidation\2.ClassBoxDataValidation.csproj", "{AB5D01F7-B963-491C-9B29-B6FB1FA40326}"
EndProject
Global
	GlobalSection(SolutionConfigurationPlatforms) = preSolution
		Debug|Any CPU = Debug|Any CPU
		Release|Any CPU = Release|Any CPU
	EndGlobalSection
	GlobalSection(ProjectConfigurationPlatforms) = postSolution
		{B31F07D0-88D3-4A52-9322-4363F483C47C}.Debug|Any CPU.ActiveCfg = Debug|Any CPU
		{B31F07D0-88D3-4A52-9322-4363F483C47C}.Debug|Any CPU.Build.0 = Debug|Any CPU
		{B31F07D0-88D3-4A52-9322-4363F483C47C}.Release|Any CPU.ActiveCfg = Release|Any CPU
		{B31F07D0-88D3-4A52-9322-4363F483C47C}.Release|Any CPU.Build.0 = Release|Any CPU
		{AB5D01F7-B963-491C-9B29-B6FB1FA40326}.Debug|Any CPU.ActiveCfg = Debug|Any CPU
		{AB5D01F7-B963-491C-9B29-B6FB1FA40326}.Debug|Any CPU.Build.0 = Debug|Any CPU
		{AB5D01F7-B963-491C-9B29-B6FB1FA40326}.Release|Any CPU.ActiveCfg = Release|Any CPU
		{AB5D01F7-B963-491C-9B29-B6FB1FA40326}.Release|Any CPU.Build.0 = Release|Any CPU
	EndGlobalSection
	GlobalSection(SolutionProperties) = preSolution
		HideSolutionNode = FALSE
	EndGlobalSection
	GlobalSection(ExtensibilityGlobals) = postSolution
		SolutionGuid = {83D05C8E-2A56-4583-9DA1-6F7FBF2E15F2}
	EndGlobalSection
EndGlobal
