
Microsoft Visual Studio Solution File, Format Version 12.00
# Visual Studio 15
VisualStudioVersion = 15.0.26730.12
MinimumVisualStudioVersion = 10.0.40219.1
Project("{FAE04EC0-301F-11D3-BF4B-00C04F79EFBC}") = "1.CharityMarathon", "1.CharityMarathon\1.CharityMarathon.csproj", "{6B3F14AA-B669-452D-A5A7-AE5CB9C470BA}"
EndProject
Project("{FAE04EC0-301F-11D3-BF4B-00C04F79EFBC}") = "2.Ladybugs", "2.Ladybugs\2.Ladybugs.csproj", "{B1A53CFA-B7F6-471B-AF7D-A30D603A6D74}"
EndProject
Project("{FAE04EC0-301F-11D3-BF4B-00C04F79EFBC}") = "3.NetherRealms", "3.NetherRealms\3.NetherRealms.csproj", "{07B86416-9261-44EE-9659-0593F640076C}"
EndProject
Project("{FAE04EC0-301F-11D3-BF4B-00C04F79EFBC}") = "4.RoliTheCoder", "4.RoliTheCoder\4.RoliTheCoder.csproj", "{57E6D12B-F1DF-4BEF-8C3D-9AD5D462EB67}"
EndProject
Global
	GlobalSection(SolutionConfigurationPlatforms) = preSolution
		Debug|Any CPU = Debug|Any CPU
		Release|Any CPU = Release|Any CPU
	EndGlobalSection
	GlobalSection(ProjectConfigurationPlatforms) = postSolution
		{6B3F14AA-B669-452D-A5A7-AE5CB9C470BA}.Debug|Any CPU.ActiveCfg = Debug|Any CPU
		{6B3F14AA-B669-452D-A5A7-AE5CB9C470BA}.Debug|Any CPU.Build.0 = Debug|Any CPU
		{6B3F14AA-B669-452D-A5A7-AE5CB9C470BA}.Release|Any CPU.ActiveCfg = Release|Any CPU
		{6B3F14AA-B669-452D-A5A7-AE5CB9C470BA}.Release|Any CPU.Build.0 = Release|Any CPU
		{B1A53CFA-B7F6-471B-AF7D-A30D603A6D74}.Debug|Any CPU.ActiveCfg = Debug|Any CPU
		{B1A53CFA-B7F6-471B-AF7D-A30D603A6D74}.Debug|Any CPU.Build.0 = Debug|Any CPU
		{B1A53CFA-B7F6-471B-AF7D-A30D603A6D74}.Release|Any CPU.ActiveCfg = Release|Any CPU
		{B1A53CFA-B7F6-471B-AF7D-A30D603A6D74}.Release|Any CPU.Build.0 = Release|Any CPU
		{07B86416-9261-44EE-9659-0593F640076C}.Debug|Any CPU.ActiveCfg = Debug|Any CPU
		{07B86416-9261-44EE-9659-0593F640076C}.Debug|Any CPU.Build.0 = Debug|Any CPU
		{07B86416-9261-44EE-9659-0593F640076C}.Release|Any CPU.ActiveCfg = Release|Any CPU
		{07B86416-9261-44EE-9659-0593F640076C}.Release|Any CPU.Build.0 = Release|Any CPU
		{57E6D12B-F1DF-4BEF-8C3D-9AD5D462EB67}.Debug|Any CPU.ActiveCfg = Debug|Any CPU
		{57E6D12B-F1DF-4BEF-8C3D-9AD5D462EB67}.Debug|Any CPU.Build.0 = Debug|Any CPU
		{57E6D12B-F1DF-4BEF-8C3D-9AD5D462EB67}.Release|Any CPU.ActiveCfg = Release|Any CPU
		{57E6D12B-F1DF-4BEF-8C3D-9AD5D462EB67}.Release|Any CPU.Build.0 = Release|Any CPU
	EndGlobalSection
	GlobalSection(SolutionProperties) = preSolution
		HideSolutionNode = FALSE
	EndGlobalSection
	GlobalSection(ExtensibilityGlobals) = postSolution
		SolutionGuid = {B0425B1B-8B85-4397-8000-80BDC97BEFF7}
	EndGlobalSection
EndGlobal
