
Microsoft Visual Studio Solution File, Format Version 12.00
# Visual Studio 15
VisualStudioVersion = 15.0.27004.2006
MinimumVisualStudioVersion = 10.0.40219.1
Project("{FAE04EC0-301F-11D3-BF4B-00C04F79EFBC}") = "01.MatrixOfPalindromes", "01.MatrixOfPalindromes\01.MatrixOfPalindromes.csproj", "{299780C7-A4BC-498C-9E2B-F5D0B2C00B5C}"
EndProject
Project("{FAE04EC0-301F-11D3-BF4B-00C04F79EFBC}") = "02.DiagonalDifference", "02.DiagonalDifference\02.DiagonalDifference.csproj", "{FB1D0AFE-422D-447D-971B-29C00DCD7287}"
EndProject
Project("{FAE04EC0-301F-11D3-BF4B-00C04F79EFBC}") = "03.2x2SquaresInMatrix", "03.2x2SquaresInMatrix\03.2x2SquaresInMatrix.csproj", "{776AB5C5-9838-45D9-A327-E00A11FCA165}"
EndProject
Project("{FAE04EC0-301F-11D3-BF4B-00C04F79EFBC}") = "04.MaximalSum", "04.MaximalSum\04.MaximalSum.csproj", "{F9B0A8A8-8973-4124-A90D-814CF31E921E}"
EndProject
Project("{FAE04EC0-301F-11D3-BF4B-00C04F79EFBC}") = "05.RubiksMatrix", "05.RubiksMatrix\05.RubiksMatrix.csproj", "{3A801788-FFFF-424E-8EB1-0FE824B0F70A}"
EndProject
Global
	GlobalSection(SolutionConfigurationPlatforms) = preSolution
		Debug|Any CPU = Debug|Any CPU
		Release|Any CPU = Release|Any CPU
	EndGlobalSection
	GlobalSection(ProjectConfigurationPlatforms) = postSolution
		{299780C7-A4BC-498C-9E2B-F5D0B2C00B5C}.Debug|Any CPU.ActiveCfg = Debug|Any CPU
		{299780C7-A4BC-498C-9E2B-F5D0B2C00B5C}.Debug|Any CPU.Build.0 = Debug|Any CPU
		{299780C7-A4BC-498C-9E2B-F5D0B2C00B5C}.Release|Any CPU.ActiveCfg = Release|Any CPU
		{299780C7-A4BC-498C-9E2B-F5D0B2C00B5C}.Release|Any CPU.Build.0 = Release|Any CPU
		{FB1D0AFE-422D-447D-971B-29C00DCD7287}.Debug|Any CPU.ActiveCfg = Debug|Any CPU
		{FB1D0AFE-422D-447D-971B-29C00DCD7287}.Debug|Any CPU.Build.0 = Debug|Any CPU
		{FB1D0AFE-422D-447D-971B-29C00DCD7287}.Release|Any CPU.ActiveCfg = Release|Any CPU
		{FB1D0AFE-422D-447D-971B-29C00DCD7287}.Release|Any CPU.Build.0 = Release|Any CPU
		{776AB5C5-9838-45D9-A327-E00A11FCA165}.Debug|Any CPU.ActiveCfg = Debug|Any CPU
		{776AB5C5-9838-45D9-A327-E00A11FCA165}.Debug|Any CPU.Build.0 = Debug|Any CPU
		{776AB5C5-9838-45D9-A327-E00A11FCA165}.Release|Any CPU.ActiveCfg = Release|Any CPU
		{776AB5C5-9838-45D9-A327-E00A11FCA165}.Release|Any CPU.Build.0 = Release|Any CPU
		{F9B0A8A8-8973-4124-A90D-814CF31E921E}.Debug|Any CPU.ActiveCfg = Debug|Any CPU
		{F9B0A8A8-8973-4124-A90D-814CF31E921E}.Debug|Any CPU.Build.0 = Debug|Any CPU
		{F9B0A8A8-8973-4124-A90D-814CF31E921E}.Release|Any CPU.ActiveCfg = Release|Any CPU
		{F9B0A8A8-8973-4124-A90D-814CF31E921E}.Release|Any CPU.Build.0 = Release|Any CPU
		{3A801788-FFFF-424E-8EB1-0FE824B0F70A}.Debug|Any CPU.ActiveCfg = Debug|Any CPU
		{3A801788-FFFF-424E-8EB1-0FE824B0F70A}.Debug|Any CPU.Build.0 = Debug|Any CPU
		{3A801788-FFFF-424E-8EB1-0FE824B0F70A}.Release|Any CPU.ActiveCfg = Release|Any CPU
		{3A801788-FFFF-424E-8EB1-0FE824B0F70A}.Release|Any CPU.Build.0 = Release|Any CPU
	EndGlobalSection
	GlobalSection(SolutionProperties) = preSolution
		HideSolutionNode = FALSE
	EndGlobalSection
	GlobalSection(ExtensibilityGlobals) = postSolution
		SolutionGuid = {D51CBC06-F7AE-4F1D-9CFB-B449E688AAC5}
	EndGlobalSection
EndGlobal
