
Microsoft Visual Studio Solution File, Format Version 12.00
# Visual Studio 15
VisualStudioVersion = 15.0.27130.2020
MinimumVisualStudioVersion = 10.0.40219.1
Project("{FAE04EC0-301F-11D3-BF4B-00C04F79EFBC}") = "1.SingleInheritance", "1.SingleInheritance\1.SingleInheritance.csproj", "{D989F778-97B6-4334-B1CB-90575ACA05E8}"
EndProject
Project("{FAE04EC0-301F-11D3-BF4B-00C04F79EFBC}") = "2.MultipleInheritance", "2.MultipleInheritance\2.MultipleInheritance.csproj", "{A3099E1D-C7D2-48F2-A5A2-3697DCE283AD}"
EndProject
Project("{FAE04EC0-301F-11D3-BF4B-00C04F79EFBC}") = "3.HierarchicalInheritance", "3.HierarchicalInheritance\3.HierarchicalInheritance.csproj", "{45484CC8-56EC-4B2E-B93E-B6B27D2C78B8}"
EndProject
Project("{FAE04EC0-301F-11D3-BF4B-00C04F79EFBC}") = "4.RandomList", "4.RandomList\4.RandomList.csproj", "{DBC90405-5BF5-4BB3-AA05-E0212F020C24}"
EndProject
Global
	GlobalSection(SolutionConfigurationPlatforms) = preSolution
		Debug|Any CPU = Debug|Any CPU
		Release|Any CPU = Release|Any CPU
	EndGlobalSection
	GlobalSection(ProjectConfigurationPlatforms) = postSolution
		{D989F778-97B6-4334-B1CB-90575ACA05E8}.Debug|Any CPU.ActiveCfg = Debug|Any CPU
		{D989F778-97B6-4334-B1CB-90575ACA05E8}.Debug|Any CPU.Build.0 = Debug|Any CPU
		{D989F778-97B6-4334-B1CB-90575ACA05E8}.Release|Any CPU.ActiveCfg = Release|Any CPU
		{D989F778-97B6-4334-B1CB-90575ACA05E8}.Release|Any CPU.Build.0 = Release|Any CPU
		{A3099E1D-C7D2-48F2-A5A2-3697DCE283AD}.Debug|Any CPU.ActiveCfg = Debug|Any CPU
		{A3099E1D-C7D2-48F2-A5A2-3697DCE283AD}.Debug|Any CPU.Build.0 = Debug|Any CPU
		{A3099E1D-C7D2-48F2-A5A2-3697DCE283AD}.Release|Any CPU.ActiveCfg = Release|Any CPU
		{A3099E1D-C7D2-48F2-A5A2-3697DCE283AD}.Release|Any CPU.Build.0 = Release|Any CPU
		{45484CC8-56EC-4B2E-B93E-B6B27D2C78B8}.Debug|Any CPU.ActiveCfg = Debug|Any CPU
		{45484CC8-56EC-4B2E-B93E-B6B27D2C78B8}.Debug|Any CPU.Build.0 = Debug|Any CPU
		{45484CC8-56EC-4B2E-B93E-B6B27D2C78B8}.Release|Any CPU.ActiveCfg = Release|Any CPU
		{45484CC8-56EC-4B2E-B93E-B6B27D2C78B8}.Release|Any CPU.Build.0 = Release|Any CPU
		{DBC90405-5BF5-4BB3-AA05-E0212F020C24}.Debug|Any CPU.ActiveCfg = Debug|Any CPU
		{DBC90405-5BF5-4BB3-AA05-E0212F020C24}.Debug|Any CPU.Build.0 = Debug|Any CPU
		{DBC90405-5BF5-4BB3-AA05-E0212F020C24}.Release|Any CPU.ActiveCfg = Release|Any CPU
		{DBC90405-5BF5-4BB3-AA05-E0212F020C24}.Release|Any CPU.Build.0 = Release|Any CPU
	EndGlobalSection
	GlobalSection(SolutionProperties) = preSolution
		HideSolutionNode = FALSE
	EndGlobalSection
	GlobalSection(ExtensibilityGlobals) = postSolution
		SolutionGuid = {B151AC0E-F9C6-4508-A0CD-F2C83A062EF6}
	EndGlobalSection
EndGlobal
