
Microsoft Visual Studio Solution File, Format Version 12.00
# Visual Studio 15
VisualStudioVersion = 15.0.27703.2047
MinimumVisualStudioVersion = 10.0.40219.1
Project("{FAE04EC0-301F-11D3-BF4B-00C04F79EFBC}") = "01.Database", "01.Database\01.Database.csproj", "{9114C136-CE9B-4FE0-80C6-74EEE24BF1CC}"
EndProject
Project("{FAE04EC0-301F-11D3-BF4B-00C04F79EFBC}") = "02.ExtendedDatabase", "02.ExtendedDatabase\02.ExtendedDatabase.csproj", "{73862483-2A81-4030-9914-CE9395A272F4}"
EndProject
Project("{FAE04EC0-301F-11D3-BF4B-00C04F79EFBC}") = "03.IteratorTest", "03.IteratorTest\03.IteratorTest.csproj", "{E1C444A7-E984-4D97-A357-F9BBDB7C7EE8}"
EndProject
Project("{FAE04EC0-301F-11D3-BF4B-00C04F79EFBC}") = "04.BubbleSortTest", "04.BubbleSortTest\04.BubbleSortTest.csproj", "{1BA39493-87A6-4570-94D3-94F41F20C0C4}"
EndProject
Project("{FAE04EC0-301F-11D3-BF4B-00C04F79EFBC}") = "05.IntegrationTests", "05.IntegrationTests\05.IntegrationTests.csproj", "{C0507856-9A67-4FDE-968D-4E19BEE42F54}"
EndProject
Project("{FAE04EC0-301F-11D3-BF4B-00C04F79EFBC}") = "06.Twitter", "06.Twitter\06.Twitter.csproj", "{1463511D-C2FF-4A97-BE08-582DF5B04B0F}"
EndProject
Project("{FAE04EC0-301F-11D3-BF4B-00C04F79EFBC}") = "08.CustomLinkedList", "08.CustomLinkedList\08.CustomLinkedList.csproj", "{3E105A1A-3B23-466A-8F1D-85325E662423}"
EndProject
Project("{FAE04EC0-301F-11D3-BF4B-00C04F79EFBC}") = "09.DateTime", "09.DateTime\09.DateTime.csproj", "{8F5B0E42-0943-41E1-8599-999EF1B9A582}"
EndProject
Global
	GlobalSection(SolutionConfigurationPlatforms) = preSolution
		Debug|Any CPU = Debug|Any CPU
		Release|Any CPU = Release|Any CPU
	EndGlobalSection
	GlobalSection(ProjectConfigurationPlatforms) = postSolution
		{9114C136-CE9B-4FE0-80C6-74EEE24BF1CC}.Debug|Any CPU.ActiveCfg = Debug|Any CPU
		{9114C136-CE9B-4FE0-80C6-74EEE24BF1CC}.Debug|Any CPU.Build.0 = Debug|Any CPU
		{9114C136-CE9B-4FE0-80C6-74EEE24BF1CC}.Release|Any CPU.ActiveCfg = Release|Any CPU
		{9114C136-CE9B-4FE0-80C6-74EEE24BF1CC}.Release|Any CPU.Build.0 = Release|Any CPU
		{73862483-2A81-4030-9914-CE9395A272F4}.Debug|Any CPU.ActiveCfg = Debug|Any CPU
		{73862483-2A81-4030-9914-CE9395A272F4}.Debug|Any CPU.Build.0 = Debug|Any CPU
		{73862483-2A81-4030-9914-CE9395A272F4}.Release|Any CPU.ActiveCfg = Release|Any CPU
		{73862483-2A81-4030-9914-CE9395A272F4}.Release|Any CPU.Build.0 = Release|Any CPU
		{E1C444A7-E984-4D97-A357-F9BBDB7C7EE8}.Debug|Any CPU.ActiveCfg = Debug|Any CPU
		{E1C444A7-E984-4D97-A357-F9BBDB7C7EE8}.Debug|Any CPU.Build.0 = Debug|Any CPU
		{E1C444A7-E984-4D97-A357-F9BBDB7C7EE8}.Release|Any CPU.ActiveCfg = Release|Any CPU
		{E1C444A7-E984-4D97-A357-F9BBDB7C7EE8}.Release|Any CPU.Build.0 = Release|Any CPU
		{1BA39493-87A6-4570-94D3-94F41F20C0C4}.Debug|Any CPU.ActiveCfg = Debug|Any CPU
		{1BA39493-87A6-4570-94D3-94F41F20C0C4}.Debug|Any CPU.Build.0 = Debug|Any CPU
		{1BA39493-87A6-4570-94D3-94F41F20C0C4}.Release|Any CPU.ActiveCfg = Release|Any CPU
		{1BA39493-87A6-4570-94D3-94F41F20C0C4}.Release|Any CPU.Build.0 = Release|Any CPU
		{C0507856-9A67-4FDE-968D-4E19BEE42F54}.Debug|Any CPU.ActiveCfg = Debug|Any CPU
		{C0507856-9A67-4FDE-968D-4E19BEE42F54}.Debug|Any CPU.Build.0 = Debug|Any CPU
		{C0507856-9A67-4FDE-968D-4E19BEE42F54}.Release|Any CPU.ActiveCfg = Release|Any CPU
		{C0507856-9A67-4FDE-968D-4E19BEE42F54}.Release|Any CPU.Build.0 = Release|Any CPU
		{1463511D-C2FF-4A97-BE08-582DF5B04B0F}.Debug|Any CPU.ActiveCfg = Debug|Any CPU
		{1463511D-C2FF-4A97-BE08-582DF5B04B0F}.Debug|Any CPU.Build.0 = Debug|Any CPU
		{1463511D-C2FF-4A97-BE08-582DF5B04B0F}.Release|Any CPU.ActiveCfg = Release|Any CPU
		{1463511D-C2FF-4A97-BE08-582DF5B04B0F}.Release|Any CPU.Build.0 = Release|Any CPU
		{3E105A1A-3B23-466A-8F1D-85325E662423}.Debug|Any CPU.ActiveCfg = Debug|Any CPU
		{3E105A1A-3B23-466A-8F1D-85325E662423}.Debug|Any CPU.Build.0 = Debug|Any CPU
		{3E105A1A-3B23-466A-8F1D-85325E662423}.Release|Any CPU.ActiveCfg = Release|Any CPU
		{3E105A1A-3B23-466A-8F1D-85325E662423}.Release|Any CPU.Build.0 = Release|Any CPU
		{8F5B0E42-0943-41E1-8599-999EF1B9A582}.Debug|Any CPU.ActiveCfg = Debug|Any CPU
		{8F5B0E42-0943-41E1-8599-999EF1B9A582}.Debug|Any CPU.Build.0 = Debug|Any CPU
		{8F5B0E42-0943-41E1-8599-999EF1B9A582}.Release|Any CPU.ActiveCfg = Release|Any CPU
		{8F5B0E42-0943-41E1-8599-999EF1B9A582}.Release|Any CPU.Build.0 = Release|Any CPU
	EndGlobalSection
	GlobalSection(SolutionProperties) = preSolution
		HideSolutionNode = FALSE
	EndGlobalSection
	GlobalSection(ExtensibilityGlobals) = postSolution
		SolutionGuid = {C0909483-FAB1-4D5C-A569-09934B940914}
	EndGlobalSection
EndGlobal
