
Microsoft Visual Studio Solution File, Format Version 12.00
# Visual Studio 15
VisualStudioVersion = 15.0.27428.2037
MinimumVisualStudioVersion = 10.0.40219.1
Project("{FAE04EC0-301F-11D3-BF4B-00C04F79EFBC}") = "01.CardSuit", "01.CardSuit\01.CardSuit.csproj", "{0CD1E601-14B2-4AFC-980F-1998EF56F526}"
EndProject
Project("{FAE04EC0-301F-11D3-BF4B-00C04F79EFBC}") = "02.CardRank", "02.CardRank\02.CardRank.csproj", "{4435271C-1233-438B-BD37-342EB5D0AFB3}"
EndProject
Project("{FAE04EC0-301F-11D3-BF4B-00C04F79EFBC}") = "03.CardPower", "03.CardPower\03.CardPower.csproj", "{C5838FFE-608A-4FCF-BF3C-BBD3B9E4DD3C}"
EndProject
Global
	GlobalSection(SolutionConfigurationPlatforms) = preSolution
		Debug|Any CPU = Debug|Any CPU
		Release|Any CPU = Release|Any CPU
	EndGlobalSection
	GlobalSection(ProjectConfigurationPlatforms) = postSolution
		{0CD1E601-14B2-4AFC-980F-1998EF56F526}.Debug|Any CPU.ActiveCfg = Debug|Any CPU
		{0CD1E601-14B2-4AFC-980F-1998EF56F526}.Debug|Any CPU.Build.0 = Debug|Any CPU
		{0CD1E601-14B2-4AFC-980F-1998EF56F526}.Release|Any CPU.ActiveCfg = Release|Any CPU
		{0CD1E601-14B2-4AFC-980F-1998EF56F526}.Release|Any CPU.Build.0 = Release|Any CPU
		{4435271C-1233-438B-BD37-342EB5D0AFB3}.Debug|Any CPU.ActiveCfg = Debug|Any CPU
		{4435271C-1233-438B-BD37-342EB5D0AFB3}.Debug|Any CPU.Build.0 = Debug|Any CPU
		{4435271C-1233-438B-BD37-342EB5D0AFB3}.Release|Any CPU.ActiveCfg = Release|Any CPU
		{4435271C-1233-438B-BD37-342EB5D0AFB3}.Release|Any CPU.Build.0 = Release|Any CPU
		{C5838FFE-608A-4FCF-BF3C-BBD3B9E4DD3C}.Debug|Any CPU.ActiveCfg = Debug|Any CPU
		{C5838FFE-608A-4FCF-BF3C-BBD3B9E4DD3C}.Debug|Any CPU.Build.0 = Debug|Any CPU
		{C5838FFE-608A-4FCF-BF3C-BBD3B9E4DD3C}.Release|Any CPU.ActiveCfg = Release|Any CPU
		{C5838FFE-608A-4FCF-BF3C-BBD3B9E4DD3C}.Release|Any CPU.Build.0 = Release|Any CPU
	EndGlobalSection
	GlobalSection(SolutionProperties) = preSolution
		HideSolutionNode = FALSE
	EndGlobalSection
	GlobalSection(ExtensibilityGlobals) = postSolution
		SolutionGuid = {1FECB2B6-20AC-44DF-A25E-2E70D7EE8331}
	EndGlobalSection
EndGlobal
