
Microsoft Visual Studio Solution File, Format Version 12.00
# Visual Studio 15
VisualStudioVersion = 15.0.27004.2009
MinimumVisualStudioVersion = 10.0.40219.1
Project("{FAE04EC0-301F-11D3-BF4B-00C04F79EFBC}") = "1.StudentsResults", "1.StudentsResults\1.StudentsResults.csproj", "{12810A7F-8468-4EA4-9A22-0E7C41BBFEF7}"
EndProject
Global
	GlobalSection(SolutionConfigurationPlatforms) = preSolution
		Debug|Any CPU = Debug|Any CPU
		Release|Any CPU = Release|Any CPU
	EndGlobalSection
	GlobalSection(ProjectConfigurationPlatforms) = postSolution
		{12810A7F-8468-4EA4-9A22-0E7C41BBFEF7}.Debug|Any CPU.ActiveCfg = Debug|Any CPU
		{12810A7F-8468-4EA4-9A22-0E7C41BBFEF7}.Debug|Any CPU.Build.0 = Debug|Any CPU
		{12810A7F-8468-4EA4-9A22-0E7C41BBFEF7}.Release|Any CPU.ActiveCfg = Release|Any CPU
		{12810A7F-8468-4EA4-9A22-0E7C41BBFEF7}.Release|Any CPU.Build.0 = Release|Any CPU
	EndGlobalSection
	GlobalSection(SolutionProperties) = preSolution
		HideSolutionNode = FALSE
	EndGlobalSection
	GlobalSection(ExtensibilityGlobals) = postSolution
		SolutionGuid = {AD9205A1-5173-49E2-BE43-EB3DD917E5DC}
	EndGlobalSection
EndGlobal
