
Microsoft Visual Studio Solution File, Format Version 12.00
# Visual Studio 15
VisualStudioVersion = 15.0.27004.2009
MinimumVisualStudioVersion = 10.0.40219.1
Project("{FAE04EC0-301F-11D3-BF4B-00C04F79EFBC}") = "1.StudentsResults", "1.StudentsResults\1.StudentsResults.csproj", "{12810A7F-8468-4EA4-9A22-0E7C41BBFEF7}"
EndProject
Project("{FAE04EC0-301F-11D3-BF4B-00C04F79EFBC}") = "2.ParseURLs", "2.ParseURLs\2.ParseURLs.csproj", "{DD9B167B-156A-4428-8173-1CD7A3570A65}"
EndProject
Project("{FAE04EC0-301F-11D3-BF4B-00C04F79EFBC}") = "3.ParseTags", "3.ParseTags\3.ParseTags.csproj", "{55DE41AD-3C04-41B2-B2F1-FD9A87F5F248}"
EndProject
Project("{FAE04EC0-301F-11D3-BF4B-00C04F79EFBC}") = "4.SpecialWords", "4.SpecialWords\4.SpecialWords.csproj", "{F8A46D9C-5A7E-4A1A-A9E9-868750522984}"
EndProject
Project("{FAE04EC0-301F-11D3-BF4B-00C04F79EFBC}") = "5.ConcatenateStrings", "5.ConcatenateStrings\5.ConcatenateStrings.csproj", "{85B6A614-60FD-4F74-AEFF-7CF9667AE8CE}"
EndProject
Global
	GlobalSection(SolutionConfigurationPlatforms) = preSolution
		Debug|Any CPU = Debug|Any CPU
		Release|Any CPU = Release|Any CPU
	EndGlobalSection
	GlobalSection(ProjectConfigurationPlatforms) = postSolution
		{12810A7F-8468-4EA4-9A22-0E7C41BBFEF7}.Debug|Any CPU.ActiveCfg = Debug|Any CPU
		{12810A7F-8468-4EA4-9A22-0E7C41BBFEF7}.Debug|Any CPU.Build.0 = Debug|Any CPU
		{12810A7F-8468-4EA4-9A22-0E7C41BBFEF7}.Release|Any CPU.ActiveCfg = Release|Any CPU
		{12810A7F-8468-4EA4-9A22-0E7C41BBFEF7}.Release|Any CPU.Build.0 = Release|Any CPU
		{DD9B167B-156A-4428-8173-1CD7A3570A65}.Debug|Any CPU.ActiveCfg = Debug|Any CPU
		{DD9B167B-156A-4428-8173-1CD7A3570A65}.Debug|Any CPU.Build.0 = Debug|Any CPU
		{DD9B167B-156A-4428-8173-1CD7A3570A65}.Release|Any CPU.ActiveCfg = Release|Any CPU
		{DD9B167B-156A-4428-8173-1CD7A3570A65}.Release|Any CPU.Build.0 = Release|Any CPU
		{55DE41AD-3C04-41B2-B2F1-FD9A87F5F248}.Debug|Any CPU.ActiveCfg = Debug|Any CPU
		{55DE41AD-3C04-41B2-B2F1-FD9A87F5F248}.Debug|Any CPU.Build.0 = Debug|Any CPU
		{55DE41AD-3C04-41B2-B2F1-FD9A87F5F248}.Release|Any CPU.ActiveCfg = Release|Any CPU
		{55DE41AD-3C04-41B2-B2F1-FD9A87F5F248}.Release|Any CPU.Build.0 = Release|Any CPU
		{F8A46D9C-5A7E-4A1A-A9E9-868750522984}.Debug|Any CPU.ActiveCfg = Debug|Any CPU
		{F8A46D9C-5A7E-4A1A-A9E9-868750522984}.Debug|Any CPU.Build.0 = Debug|Any CPU
		{F8A46D9C-5A7E-4A1A-A9E9-868750522984}.Release|Any CPU.ActiveCfg = Release|Any CPU
		{F8A46D9C-5A7E-4A1A-A9E9-868750522984}.Release|Any CPU.Build.0 = Release|Any CPU
		{85B6A614-60FD-4F74-AEFF-7CF9667AE8CE}.Debug|Any CPU.ActiveCfg = Debug|Any CPU
		{85B6A614-60FD-4F74-AEFF-7CF9667AE8CE}.Debug|Any CPU.Build.0 = Debug|Any CPU
		{85B6A614-60FD-4F74-AEFF-7CF9667AE8CE}.Release|Any CPU.ActiveCfg = Release|Any CPU
		{85B6A614-60FD-4F74-AEFF-7CF9667AE8CE}.Release|Any CPU.Build.0 = Release|Any CPU
	EndGlobalSection
	GlobalSection(SolutionProperties) = preSolution
		HideSolutionNode = FALSE
	EndGlobalSection
	GlobalSection(ExtensibilityGlobals) = postSolution
		SolutionGuid = {AD9205A1-5173-49E2-BE43-EB3DD917E5DC}
	EndGlobalSection
EndGlobal
