
Microsoft Visual Studio Solution File, Format Version 12.00
# Visual Studio 15
VisualStudioVersion = 15.0.26730.10
MinimumVisualStudioVersion = 10.0.40219.1
Project("{FAE04EC0-301F-11D3-BF4B-00C04F79EFBC}") = "1.ValueOfAString", "1.ValueOfAString\1.ValueOfAString.csproj", "{1F65C7D2-FDCD-40E0-B171-67135C9878C3}"
EndProject
Project("{FAE04EC0-301F-11D3-BF4B-00C04F79EFBC}") = "2.DiamondProblem", "2.DiamondProblem\2.DiamondProblem.csproj", "{070FBE07-610C-457B-BD8F-876B22650F80}"
EndProject
Project("{FAE04EC0-301F-11D3-BF4B-00C04F79EFBC}") = "3.SerializeString", "3.SerializeString\3.SerializeString.csproj", "{1978DD36-ACB2-4E6A-8E99-9409F088EC70}"
EndProject
Project("{FAE04EC0-301F-11D3-BF4B-00C04F79EFBC}") = "4.DeserializeString", "4.DeserializeString\4.DeserializeString.csproj", "{BDF490CF-804B-49D2-B714-056147AC0621}"
EndProject
Project("{FAE04EC0-301F-11D3-BF4B-00C04F79EFBC}") = "5.StringCommander", "5.StringCommander\5.StringCommander.csproj", "{D00FD44E-F028-452C-A543-76DA587B85B5}"
EndProject
Project("{FAE04EC0-301F-11D3-BF4B-00C04F79EFBC}") = "6.Stateless", "6.Stateless\6.Stateless.csproj", "{19120C12-B7C4-425D-B78B-4971B624BB09}"
EndProject
Project("{FAE04EC0-301F-11D3-BF4B-00C04F79EFBC}") = "7.Pyramidic", "7.Pyramidic\7.Pyramidic.csproj", "{39C1E3E5-E726-431D-B4F3-8621721F6B61}"
EndProject
Global
	GlobalSection(SolutionConfigurationPlatforms) = preSolution
		Debug|Any CPU = Debug|Any CPU
		Release|Any CPU = Release|Any CPU
	EndGlobalSection
	GlobalSection(ProjectConfigurationPlatforms) = postSolution
		{1F65C7D2-FDCD-40E0-B171-67135C9878C3}.Debug|Any CPU.ActiveCfg = Debug|Any CPU
		{1F65C7D2-FDCD-40E0-B171-67135C9878C3}.Debug|Any CPU.Build.0 = Debug|Any CPU
		{1F65C7D2-FDCD-40E0-B171-67135C9878C3}.Release|Any CPU.ActiveCfg = Release|Any CPU
		{1F65C7D2-FDCD-40E0-B171-67135C9878C3}.Release|Any CPU.Build.0 = Release|Any CPU
		{070FBE07-610C-457B-BD8F-876B22650F80}.Debug|Any CPU.ActiveCfg = Debug|Any CPU
		{070FBE07-610C-457B-BD8F-876B22650F80}.Debug|Any CPU.Build.0 = Debug|Any CPU
		{070FBE07-610C-457B-BD8F-876B22650F80}.Release|Any CPU.ActiveCfg = Release|Any CPU
		{070FBE07-610C-457B-BD8F-876B22650F80}.Release|Any CPU.Build.0 = Release|Any CPU
		{1978DD36-ACB2-4E6A-8E99-9409F088EC70}.Debug|Any CPU.ActiveCfg = Debug|Any CPU
		{1978DD36-ACB2-4E6A-8E99-9409F088EC70}.Debug|Any CPU.Build.0 = Debug|Any CPU
		{1978DD36-ACB2-4E6A-8E99-9409F088EC70}.Release|Any CPU.ActiveCfg = Release|Any CPU
		{1978DD36-ACB2-4E6A-8E99-9409F088EC70}.Release|Any CPU.Build.0 = Release|Any CPU
		{BDF490CF-804B-49D2-B714-056147AC0621}.Debug|Any CPU.ActiveCfg = Debug|Any CPU
		{BDF490CF-804B-49D2-B714-056147AC0621}.Debug|Any CPU.Build.0 = Debug|Any CPU
		{BDF490CF-804B-49D2-B714-056147AC0621}.Release|Any CPU.ActiveCfg = Release|Any CPU
		{BDF490CF-804B-49D2-B714-056147AC0621}.Release|Any CPU.Build.0 = Release|Any CPU
		{D00FD44E-F028-452C-A543-76DA587B85B5}.Debug|Any CPU.ActiveCfg = Debug|Any CPU
		{D00FD44E-F028-452C-A543-76DA587B85B5}.Debug|Any CPU.Build.0 = Debug|Any CPU
		{D00FD44E-F028-452C-A543-76DA587B85B5}.Release|Any CPU.ActiveCfg = Release|Any CPU
		{D00FD44E-F028-452C-A543-76DA587B85B5}.Release|Any CPU.Build.0 = Release|Any CPU
		{19120C12-B7C4-425D-B78B-4971B624BB09}.Debug|Any CPU.ActiveCfg = Debug|Any CPU
		{19120C12-B7C4-425D-B78B-4971B624BB09}.Debug|Any CPU.Build.0 = Debug|Any CPU
		{19120C12-B7C4-425D-B78B-4971B624BB09}.Release|Any CPU.ActiveCfg = Release|Any CPU
		{19120C12-B7C4-425D-B78B-4971B624BB09}.Release|Any CPU.Build.0 = Release|Any CPU
		{39C1E3E5-E726-431D-B4F3-8621721F6B61}.Debug|Any CPU.ActiveCfg = Debug|Any CPU
		{39C1E3E5-E726-431D-B4F3-8621721F6B61}.Debug|Any CPU.Build.0 = Debug|Any CPU
		{39C1E3E5-E726-431D-B4F3-8621721F6B61}.Release|Any CPU.ActiveCfg = Release|Any CPU
		{39C1E3E5-E726-431D-B4F3-8621721F6B61}.Release|Any CPU.Build.0 = Release|Any CPU
	EndGlobalSection
	GlobalSection(SolutionProperties) = preSolution
		HideSolutionNode = FALSE
	EndGlobalSection
	GlobalSection(ExtensibilityGlobals) = postSolution
		SolutionGuid = {7AD5028F-3D0A-40D0-B3F7-2C9CF087C7BB}
	EndGlobalSection
EndGlobal
