
Microsoft Visual Studio Solution File, Format Version 12.00
# Visual Studio 15
VisualStudioVersion = 15.0.27130.2010
MinimumVisualStudioVersion = 10.0.40219.1
Project("{FAE04EC0-301F-11D3-BF4B-00C04F79EFBC}") = "BankAccount", "BankAccount\BankAccount.csproj", "{DD3A29AC-DF03-486B-AD9A-2F00A4963ECD}"
EndProject
Global
	GlobalSection(SolutionConfigurationPlatforms) = preSolution
		Debug|Any CPU = Debug|Any CPU
		Release|Any CPU = Release|Any CPU
	EndGlobalSection
	GlobalSection(ProjectConfigurationPlatforms) = postSolution
		{DD3A29AC-DF03-486B-AD9A-2F00A4963ECD}.Debug|Any CPU.ActiveCfg = Debug|Any CPU
		{DD3A29AC-DF03-486B-AD9A-2F00A4963ECD}.Debug|Any CPU.Build.0 = Debug|Any CPU
		{DD3A29AC-DF03-486B-AD9A-2F00A4963ECD}.Release|Any CPU.ActiveCfg = Release|Any CPU
		{DD3A29AC-DF03-486B-AD9A-2F00A4963ECD}.Release|Any CPU.Build.0 = Release|Any CPU
	EndGlobalSection
	GlobalSection(SolutionProperties) = preSolution
		HideSolutionNode = FALSE
	EndGlobalSection
	GlobalSection(ExtensibilityGlobals) = postSolution
		SolutionGuid = {BAE31FD2-7F4F-471E-A8EA-98FBD1A8A5C7}
	EndGlobalSection
EndGlobal
