
Microsoft Visual Studio Solution File, Format Version 12.00
# Visual Studio 15
VisualStudioVersion = 15.0.27004.2010
MinimumVisualStudioVersion = 10.0.40219.1
Project("{FAE04EC0-301F-11D3-BF4B-00C04F79EFBC}") = "01.MatchFullName", "01.MatchFullName\01.MatchFullName.csproj", "{B2B2FDF3-D0A0-4726-A6D8-474C4D132DC8}"
EndProject
Project("{FAE04EC0-301F-11D3-BF4B-00C04F79EFBC}") = "02.MatchPhoneNumber", "02.MatchPhoneNumber\02.MatchPhoneNumber.csproj", "{04E9997D-06AF-4BBD-8F6A-912B1C69CAFF}"
EndProject
Project("{FAE04EC0-301F-11D3-BF4B-00C04F79EFBC}") = "03.SeriesOfLetters", "03.SeriesOfLetters\03.SeriesOfLetters.csproj", "{DB4A265A-A8F7-4F00-B214-D5882C6CDB01}"
EndProject
Project("{FAE04EC0-301F-11D3-BF4B-00C04F79EFBC}") = "04.ReplaceATag", "04.ReplaceATag\04.ReplaceATag.csproj", "{21AF6910-247F-4EA2-B135-8EC98AB5375F}"
EndProject
Project("{FAE04EC0-301F-11D3-BF4B-00C04F79EFBC}") = "05.ExtractEmails", "05.ExtractEmails\05.ExtractEmails.csproj", "{EC81A534-AFF1-40AD-BA2E-CFD850D51167}"
EndProject
Project("{FAE04EC0-301F-11D3-BF4B-00C04F79EFBC}") = "06.SentenceExtractor", "06.SentenceExtractor\06.SentenceExtractor.csproj", "{568700D0-55B2-4970-9AB5-D616CB2EE8C9}"
EndProject
Project("{FAE04EC0-301F-11D3-BF4B-00C04F79EFBC}") = "07.ValidUsernames", "07.ValidUsernames\07.ValidUsernames.csproj", "{C8768770-51A1-4B45-B87E-FE6A1D87B6EF}"
EndProject
Project("{FAE04EC0-301F-11D3-BF4B-00C04F79EFBC}") = "08.ExtractHyperlinks", "08.ExtractHyperlinks\08.ExtractHyperlinks.csproj", "{E9A2C6D2-662D-4138-BFC0-0F1A5CC4FB21}"
EndProject
Project("{FAE04EC0-301F-11D3-BF4B-00C04F79EFBC}") = "09.QueryMess", "09.QueryMess\09.QueryMess.csproj", "{2FDD8049-BF10-4D42-BEEA-25BDA20A27F4}"
EndProject
Project("{FAE04EC0-301F-11D3-BF4B-00C04F79EFBC}") = "10.UseYourChainsBuddy", "10.UseYourChainsBuddy\10.UseYourChainsBuddy.csproj", "{F2E4CAED-0259-431F-83A7-574985795888}"
EndProject
Global
	GlobalSection(SolutionConfigurationPlatforms) = preSolution
		Debug|Any CPU = Debug|Any CPU
		Release|Any CPU = Release|Any CPU
	EndGlobalSection
	GlobalSection(ProjectConfigurationPlatforms) = postSolution
		{B2B2FDF3-D0A0-4726-A6D8-474C4D132DC8}.Debug|Any CPU.ActiveCfg = Debug|Any CPU
		{B2B2FDF3-D0A0-4726-A6D8-474C4D132DC8}.Debug|Any CPU.Build.0 = Debug|Any CPU
		{B2B2FDF3-D0A0-4726-A6D8-474C4D132DC8}.Release|Any CPU.ActiveCfg = Release|Any CPU
		{B2B2FDF3-D0A0-4726-A6D8-474C4D132DC8}.Release|Any CPU.Build.0 = Release|Any CPU
		{04E9997D-06AF-4BBD-8F6A-912B1C69CAFF}.Debug|Any CPU.ActiveCfg = Debug|Any CPU
		{04E9997D-06AF-4BBD-8F6A-912B1C69CAFF}.Debug|Any CPU.Build.0 = Debug|Any CPU
		{04E9997D-06AF-4BBD-8F6A-912B1C69CAFF}.Release|Any CPU.ActiveCfg = Release|Any CPU
		{04E9997D-06AF-4BBD-8F6A-912B1C69CAFF}.Release|Any CPU.Build.0 = Release|Any CPU
		{DB4A265A-A8F7-4F00-B214-D5882C6CDB01}.Debug|Any CPU.ActiveCfg = Debug|Any CPU
		{DB4A265A-A8F7-4F00-B214-D5882C6CDB01}.Debug|Any CPU.Build.0 = Debug|Any CPU
		{DB4A265A-A8F7-4F00-B214-D5882C6CDB01}.Release|Any CPU.ActiveCfg = Release|Any CPU
		{DB4A265A-A8F7-4F00-B214-D5882C6CDB01}.Release|Any CPU.Build.0 = Release|Any CPU
		{21AF6910-247F-4EA2-B135-8EC98AB5375F}.Debug|Any CPU.ActiveCfg = Debug|Any CPU
		{21AF6910-247F-4EA2-B135-8EC98AB5375F}.Debug|Any CPU.Build.0 = Debug|Any CPU
		{21AF6910-247F-4EA2-B135-8EC98AB5375F}.Release|Any CPU.ActiveCfg = Release|Any CPU
		{21AF6910-247F-4EA2-B135-8EC98AB5375F}.Release|Any CPU.Build.0 = Release|Any CPU
		{EC81A534-AFF1-40AD-BA2E-CFD850D51167}.Debug|Any CPU.ActiveCfg = Debug|Any CPU
		{EC81A534-AFF1-40AD-BA2E-CFD850D51167}.Debug|Any CPU.Build.0 = Debug|Any CPU
		{EC81A534-AFF1-40AD-BA2E-CFD850D51167}.Release|Any CPU.ActiveCfg = Release|Any CPU
		{EC81A534-AFF1-40AD-BA2E-CFD850D51167}.Release|Any CPU.Build.0 = Release|Any CPU
		{568700D0-55B2-4970-9AB5-D616CB2EE8C9}.Debug|Any CPU.ActiveCfg = Debug|Any CPU
		{568700D0-55B2-4970-9AB5-D616CB2EE8C9}.Debug|Any CPU.Build.0 = Debug|Any CPU
		{568700D0-55B2-4970-9AB5-D616CB2EE8C9}.Release|Any CPU.ActiveCfg = Release|Any CPU
		{568700D0-55B2-4970-9AB5-D616CB2EE8C9}.Release|Any CPU.Build.0 = Release|Any CPU
		{C8768770-51A1-4B45-B87E-FE6A1D87B6EF}.Debug|Any CPU.ActiveCfg = Debug|Any CPU
		{C8768770-51A1-4B45-B87E-FE6A1D87B6EF}.Debug|Any CPU.Build.0 = Debug|Any CPU
		{C8768770-51A1-4B45-B87E-FE6A1D87B6EF}.Release|Any CPU.ActiveCfg = Release|Any CPU
		{C8768770-51A1-4B45-B87E-FE6A1D87B6EF}.Release|Any CPU.Build.0 = Release|Any CPU
		{E9A2C6D2-662D-4138-BFC0-0F1A5CC4FB21}.Debug|Any CPU.ActiveCfg = Debug|Any CPU
		{E9A2C6D2-662D-4138-BFC0-0F1A5CC4FB21}.Debug|Any CPU.Build.0 = Debug|Any CPU
		{E9A2C6D2-662D-4138-BFC0-0F1A5CC4FB21}.Release|Any CPU.ActiveCfg = Release|Any CPU
		{E9A2C6D2-662D-4138-BFC0-0F1A5CC4FB21}.Release|Any CPU.Build.0 = Release|Any CPU
		{2FDD8049-BF10-4D42-BEEA-25BDA20A27F4}.Debug|Any CPU.ActiveCfg = Debug|Any CPU
		{2FDD8049-BF10-4D42-BEEA-25BDA20A27F4}.Debug|Any CPU.Build.0 = Debug|Any CPU
		{2FDD8049-BF10-4D42-BEEA-25BDA20A27F4}.Release|Any CPU.ActiveCfg = Release|Any CPU
		{2FDD8049-BF10-4D42-BEEA-25BDA20A27F4}.Release|Any CPU.Build.0 = Release|Any CPU
		{F2E4CAED-0259-431F-83A7-574985795888}.Debug|Any CPU.ActiveCfg = Debug|Any CPU
		{F2E4CAED-0259-431F-83A7-574985795888}.Debug|Any CPU.Build.0 = Debug|Any CPU
		{F2E4CAED-0259-431F-83A7-574985795888}.Release|Any CPU.ActiveCfg = Release|Any CPU
		{F2E4CAED-0259-431F-83A7-574985795888}.Release|Any CPU.Build.0 = Release|Any CPU
	EndGlobalSection
	GlobalSection(SolutionProperties) = preSolution
		HideSolutionNode = FALSE
	EndGlobalSection
	GlobalSection(ExtensibilityGlobals) = postSolution
		SolutionGuid = {456F6E25-39DF-4698-96E8-59D1EDF4EA0B}
	EndGlobalSection
EndGlobal
