
Microsoft Visual Studio Solution File, Format Version 12.00
# Visual Studio 15
VisualStudioVersion = 15.0.27130.2036
MinimumVisualStudioVersion = 10.0.40219.1
Project("{FAE04EC0-301F-11D3-BF4B-00C04F79EFBC}") = "01.DefineAnInterfaceIPerson", "01.DefineAnInterfaceIPerson\01.DefineAnInterfaceIPerson.csproj", "{B3175A02-17BD-4121-9990-6DF6F9FC7125}"
EndProject
Project("{FAE04EC0-301F-11D3-BF4B-00C04F79EFBC}") = "02.MultipleImplementation", "02.MultipleImplementation\02.MultipleImplementation.csproj", "{CEA60B42-0CFE-45DD-870E-2CD4CDF5DCB2}"
EndProject
Project("{FAE04EC0-301F-11D3-BF4B-00C04F79EFBC}") = "03.Ferrari", "03.Ferrari\03.Ferrari.csproj", "{0F0A2D8B-49E3-4AC4-9963-B6A368286576}"
EndProject
Project("{FAE04EC0-301F-11D3-BF4B-00C04F79EFBC}") = "04.Telephony", "04.Telephony\04.Telephony.csproj", "{AF22A08C-DA4E-41E2-A1DC-BC289E347F1B}"
EndProject
Project("{FAE04EC0-301F-11D3-BF4B-00C04F79EFBC}") = "05.BorderControl", "05.BorderControl\05.BorderControl.csproj", "{31482066-8938-474E-801B-18A679863398}"
EndProject
Project("{FAE04EC0-301F-11D3-BF4B-00C04F79EFBC}") = "06.BirthdayCelebrations", "06.BirthdayCelebrations\06.BirthdayCelebrations.csproj", "{5D08D758-15E6-4D0B-B113-D531D4337A84}"
EndProject
Project("{FAE04EC0-301F-11D3-BF4B-00C04F79EFBC}") = "07.FoodShortage", "07.FoodShortage\07.FoodShortage.csproj", "{2E93E6E1-DC17-4CFB-81AF-92A9814282D9}"
EndProject
Global
	GlobalSection(SolutionConfigurationPlatforms) = preSolution
		Debug|Any CPU = Debug|Any CPU
		Release|Any CPU = Release|Any CPU
	EndGlobalSection
	GlobalSection(ProjectConfigurationPlatforms) = postSolution
		{B3175A02-17BD-4121-9990-6DF6F9FC7125}.Debug|Any CPU.ActiveCfg = Debug|Any CPU
		{B3175A02-17BD-4121-9990-6DF6F9FC7125}.Debug|Any CPU.Build.0 = Debug|Any CPU
		{B3175A02-17BD-4121-9990-6DF6F9FC7125}.Release|Any CPU.ActiveCfg = Release|Any CPU
		{B3175A02-17BD-4121-9990-6DF6F9FC7125}.Release|Any CPU.Build.0 = Release|Any CPU
		{CEA60B42-0CFE-45DD-870E-2CD4CDF5DCB2}.Debug|Any CPU.ActiveCfg = Debug|Any CPU
		{CEA60B42-0CFE-45DD-870E-2CD4CDF5DCB2}.Debug|Any CPU.Build.0 = Debug|Any CPU
		{CEA60B42-0CFE-45DD-870E-2CD4CDF5DCB2}.Release|Any CPU.ActiveCfg = Release|Any CPU
		{CEA60B42-0CFE-45DD-870E-2CD4CDF5DCB2}.Release|Any CPU.Build.0 = Release|Any CPU
		{0F0A2D8B-49E3-4AC4-9963-B6A368286576}.Debug|Any CPU.ActiveCfg = Debug|Any CPU
		{0F0A2D8B-49E3-4AC4-9963-B6A368286576}.Debug|Any CPU.Build.0 = Debug|Any CPU
		{0F0A2D8B-49E3-4AC4-9963-B6A368286576}.Release|Any CPU.ActiveCfg = Release|Any CPU
		{0F0A2D8B-49E3-4AC4-9963-B6A368286576}.Release|Any CPU.Build.0 = Release|Any CPU
		{AF22A08C-DA4E-41E2-A1DC-BC289E347F1B}.Debug|Any CPU.ActiveCfg = Debug|Any CPU
		{AF22A08C-DA4E-41E2-A1DC-BC289E347F1B}.Debug|Any CPU.Build.0 = Debug|Any CPU
		{AF22A08C-DA4E-41E2-A1DC-BC289E347F1B}.Release|Any CPU.ActiveCfg = Release|Any CPU
		{AF22A08C-DA4E-41E2-A1DC-BC289E347F1B}.Release|Any CPU.Build.0 = Release|Any CPU
		{31482066-8938-474E-801B-18A679863398}.Debug|Any CPU.ActiveCfg = Debug|Any CPU
		{31482066-8938-474E-801B-18A679863398}.Debug|Any CPU.Build.0 = Debug|Any CPU
		{31482066-8938-474E-801B-18A679863398}.Release|Any CPU.ActiveCfg = Release|Any CPU
		{31482066-8938-474E-801B-18A679863398}.Release|Any CPU.Build.0 = Release|Any CPU
		{5D08D758-15E6-4D0B-B113-D531D4337A84}.Debug|Any CPU.ActiveCfg = Debug|Any CPU
		{5D08D758-15E6-4D0B-B113-D531D4337A84}.Debug|Any CPU.Build.0 = Debug|Any CPU
		{5D08D758-15E6-4D0B-B113-D531D4337A84}.Release|Any CPU.ActiveCfg = Release|Any CPU
		{5D08D758-15E6-4D0B-B113-D531D4337A84}.Release|Any CPU.Build.0 = Release|Any CPU
		{2E93E6E1-DC17-4CFB-81AF-92A9814282D9}.Debug|Any CPU.ActiveCfg = Debug|Any CPU
		{2E93E6E1-DC17-4CFB-81AF-92A9814282D9}.Debug|Any CPU.Build.0 = Debug|Any CPU
		{2E93E6E1-DC17-4CFB-81AF-92A9814282D9}.Release|Any CPU.ActiveCfg = Release|Any CPU
		{2E93E6E1-DC17-4CFB-81AF-92A9814282D9}.Release|Any CPU.Build.0 = Release|Any CPU
	EndGlobalSection
	GlobalSection(SolutionProperties) = preSolution
		HideSolutionNode = FALSE
	EndGlobalSection
	GlobalSection(ExtensibilityGlobals) = postSolution
		SolutionGuid = {E8541DEA-97EC-43A7-9C54-D600F3297945}
	EndGlobalSection
EndGlobal
