
Microsoft Visual Studio Solution File, Format Version 12.00
# Visual Studio 15
VisualStudioVersion = 15.0.27004.2010
MinimumVisualStudioVersion = 10.0.40219.1
Project("{FAE04EC0-301F-11D3-BF4B-00C04F79EFBC}") = "01.ActionPrint", "01.ActionPrint\01.ActionPrint.csproj", "{406937AB-3B14-4396-BB27-2CBDA839B7D5}"
EndProject
Project("{FAE04EC0-301F-11D3-BF4B-00C04F79EFBC}") = "02.KnightsOfHonor", "02.KnightsOfHonor\02.KnightsOfHonor.csproj", "{B0CD516C-56E6-4679-9498-21C8FA132C9B}"
EndProject
Project("{FAE04EC0-301F-11D3-BF4B-00C04F79EFBC}") = "03.CustomMinFunction", "03.CustomMinFunction\03.CustomMinFunction.csproj", "{A7216C93-346B-4C9A-A652-97E4B34B3472}"
EndProject
Project("{FAE04EC0-301F-11D3-BF4B-00C04F79EFBC}") = "04.FindEvensOrOdds", "04.FindEvensOrOdds\04.FindEvensOrOdds.csproj", "{A8323370-1907-41F8-9DBB-B4DD3CA674CC}"
EndProject
Project("{FAE04EC0-301F-11D3-BF4B-00C04F79EFBC}") = "05.AppliedArithmetics", "05.AppliedArithmetics\05.AppliedArithmetics.csproj", "{B17AF517-4022-443F-A2B9-3BEF09421098}"
EndProject
Project("{FAE04EC0-301F-11D3-BF4B-00C04F79EFBC}") = "06.ReverseAndExclude", "06.ReverseAndExclude\06.ReverseAndExclude.csproj", "{513D7CF3-0F29-4464-A793-4E276E355CD2}"
EndProject
Project("{FAE04EC0-301F-11D3-BF4B-00C04F79EFBC}") = "07.PredicateForNames", "07.PredicateForNames\07.PredicateForNames.csproj", "{E02A60DE-81AC-4E2A-BCB8-9E8CFF60FB48}"
EndProject
Project("{FAE04EC0-301F-11D3-BF4B-00C04F79EFBC}") = "08.CustomComparator", "08.CustomComparator\08.CustomComparator.csproj", "{E0742F88-4F67-40F4-88DE-3D284179800F}"
EndProject
Project("{FAE04EC0-301F-11D3-BF4B-00C04F79EFBC}") = "09.ListOfPredicates", "09.ListOfPredicates\09.ListOfPredicates.csproj", "{61E7E100-742D-4652-85D3-871BD2D9ACE8}"
EndProject
Project("{FAE04EC0-301F-11D3-BF4B-00C04F79EFBC}") = "10.PredicateParty", "10.PredicateParty\10.PredicateParty.csproj", "{35AA20D4-59B5-420B-AA94-B99C390D124C}"
EndProject
Project("{FAE04EC0-301F-11D3-BF4B-00C04F79EFBC}") = "11.PartyReservationFilterModule", "11.PartyReservationFilterModule\11.PartyReservationFilterModule.csproj", "{5D057867-0513-4545-B45E-4F1879D70764}"
EndProject
Project("{FAE04EC0-301F-11D3-BF4B-00C04F79EFBC}") = "12.InfernoIII", "12.InfernoIII\12.InfernoIII.csproj", "{B2212C54-BE0C-4867-883B-E2140FDB6612}"
EndProject
Global
	GlobalSection(SolutionConfigurationPlatforms) = preSolution
		Debug|Any CPU = Debug|Any CPU
		Release|Any CPU = Release|Any CPU
	EndGlobalSection
	GlobalSection(ProjectConfigurationPlatforms) = postSolution
		{406937AB-3B14-4396-BB27-2CBDA839B7D5}.Debug|Any CPU.ActiveCfg = Debug|Any CPU
		{406937AB-3B14-4396-BB27-2CBDA839B7D5}.Debug|Any CPU.Build.0 = Debug|Any CPU
		{406937AB-3B14-4396-BB27-2CBDA839B7D5}.Release|Any CPU.ActiveCfg = Release|Any CPU
		{406937AB-3B14-4396-BB27-2CBDA839B7D5}.Release|Any CPU.Build.0 = Release|Any CPU
		{B0CD516C-56E6-4679-9498-21C8FA132C9B}.Debug|Any CPU.ActiveCfg = Debug|Any CPU
		{B0CD516C-56E6-4679-9498-21C8FA132C9B}.Debug|Any CPU.Build.0 = Debug|Any CPU
		{B0CD516C-56E6-4679-9498-21C8FA132C9B}.Release|Any CPU.ActiveCfg = Release|Any CPU
		{B0CD516C-56E6-4679-9498-21C8FA132C9B}.Release|Any CPU.Build.0 = Release|Any CPU
		{A7216C93-346B-4C9A-A652-97E4B34B3472}.Debug|Any CPU.ActiveCfg = Debug|Any CPU
		{A7216C93-346B-4C9A-A652-97E4B34B3472}.Debug|Any CPU.Build.0 = Debug|Any CPU
		{A7216C93-346B-4C9A-A652-97E4B34B3472}.Release|Any CPU.ActiveCfg = Release|Any CPU
		{A7216C93-346B-4C9A-A652-97E4B34B3472}.Release|Any CPU.Build.0 = Release|Any CPU
		{A8323370-1907-41F8-9DBB-B4DD3CA674CC}.Debug|Any CPU.ActiveCfg = Debug|Any CPU
		{A8323370-1907-41F8-9DBB-B4DD3CA674CC}.Debug|Any CPU.Build.0 = Debug|Any CPU
		{A8323370-1907-41F8-9DBB-B4DD3CA674CC}.Release|Any CPU.ActiveCfg = Release|Any CPU
		{A8323370-1907-41F8-9DBB-B4DD3CA674CC}.Release|Any CPU.Build.0 = Release|Any CPU
		{B17AF517-4022-443F-A2B9-3BEF09421098}.Debug|Any CPU.ActiveCfg = Debug|Any CPU
		{B17AF517-4022-443F-A2B9-3BEF09421098}.Debug|Any CPU.Build.0 = Debug|Any CPU
		{B17AF517-4022-443F-A2B9-3BEF09421098}.Release|Any CPU.ActiveCfg = Release|Any CPU
		{B17AF517-4022-443F-A2B9-3BEF09421098}.Release|Any CPU.Build.0 = Release|Any CPU
		{513D7CF3-0F29-4464-A793-4E276E355CD2}.Debug|Any CPU.ActiveCfg = Debug|Any CPU
		{513D7CF3-0F29-4464-A793-4E276E355CD2}.Debug|Any CPU.Build.0 = Debug|Any CPU
		{513D7CF3-0F29-4464-A793-4E276E355CD2}.Release|Any CPU.ActiveCfg = Release|Any CPU
		{513D7CF3-0F29-4464-A793-4E276E355CD2}.Release|Any CPU.Build.0 = Release|Any CPU
		{E02A60DE-81AC-4E2A-BCB8-9E8CFF60FB48}.Debug|Any CPU.ActiveCfg = Debug|Any CPU
		{E02A60DE-81AC-4E2A-BCB8-9E8CFF60FB48}.Debug|Any CPU.Build.0 = Debug|Any CPU
		{E02A60DE-81AC-4E2A-BCB8-9E8CFF60FB48}.Release|Any CPU.ActiveCfg = Release|Any CPU
		{E02A60DE-81AC-4E2A-BCB8-9E8CFF60FB48}.Release|Any CPU.Build.0 = Release|Any CPU
		{E0742F88-4F67-40F4-88DE-3D284179800F}.Debug|Any CPU.ActiveCfg = Debug|Any CPU
		{E0742F88-4F67-40F4-88DE-3D284179800F}.Debug|Any CPU.Build.0 = Debug|Any CPU
		{E0742F88-4F67-40F4-88DE-3D284179800F}.Release|Any CPU.ActiveCfg = Release|Any CPU
		{E0742F88-4F67-40F4-88DE-3D284179800F}.Release|Any CPU.Build.0 = Release|Any CPU
		{61E7E100-742D-4652-85D3-871BD2D9ACE8}.Debug|Any CPU.ActiveCfg = Debug|Any CPU
		{61E7E100-742D-4652-85D3-871BD2D9ACE8}.Debug|Any CPU.Build.0 = Debug|Any CPU
		{61E7E100-742D-4652-85D3-871BD2D9ACE8}.Release|Any CPU.ActiveCfg = Release|Any CPU
		{61E7E100-742D-4652-85D3-871BD2D9ACE8}.Release|Any CPU.Build.0 = Release|Any CPU
		{35AA20D4-59B5-420B-AA94-B99C390D124C}.Debug|Any CPU.ActiveCfg = Debug|Any CPU
		{35AA20D4-59B5-420B-AA94-B99C390D124C}.Debug|Any CPU.Build.0 = Debug|Any CPU
		{35AA20D4-59B5-420B-AA94-B99C390D124C}.Release|Any CPU.ActiveCfg = Release|Any CPU
		{35AA20D4-59B5-420B-AA94-B99C390D124C}.Release|Any CPU.Build.0 = Release|Any CPU
		{5D057867-0513-4545-B45E-4F1879D70764}.Debug|Any CPU.ActiveCfg = Debug|Any CPU
		{5D057867-0513-4545-B45E-4F1879D70764}.Debug|Any CPU.Build.0 = Debug|Any CPU
		{5D057867-0513-4545-B45E-4F1879D70764}.Release|Any CPU.ActiveCfg = Release|Any CPU
		{5D057867-0513-4545-B45E-4F1879D70764}.Release|Any CPU.Build.0 = Release|Any CPU
		{B2212C54-BE0C-4867-883B-E2140FDB6612}.Debug|Any CPU.ActiveCfg = Debug|Any CPU
		{B2212C54-BE0C-4867-883B-E2140FDB6612}.Debug|Any CPU.Build.0 = Debug|Any CPU
		{B2212C54-BE0C-4867-883B-E2140FDB6612}.Release|Any CPU.ActiveCfg = Release|Any CPU
		{B2212C54-BE0C-4867-883B-E2140FDB6612}.Release|Any CPU.Build.0 = Release|Any CPU
	EndGlobalSection
	GlobalSection(SolutionProperties) = preSolution
		HideSolutionNode = FALSE
	EndGlobalSection
	GlobalSection(ExtensibilityGlobals) = postSolution
		SolutionGuid = {6D1466DF-181C-468B-832D-3EB4E3D2FD47}
	EndGlobalSection
EndGlobal
