
Microsoft Visual Studio Solution File, Format Version 12.00
# Visual Studio 15
VisualStudioVersion = 15.0.28010.2036
MinimumVisualStudioVersion = 10.0.40219.1
Project("{FAE04EC0-301F-11D3-BF4B-00C04F79EFBC}") = "1.EventImplementation", "1.EventImplementation\1.EventImplementation.csproj", "{C092163D-FB16-46C5-BF61-91E063BB6645}"
EndProject
Global
	GlobalSection(SolutionConfigurationPlatforms) = preSolution
		Debug|Any CPU = Debug|Any CPU
		Release|Any CPU = Release|Any CPU
	EndGlobalSection
	GlobalSection(ProjectConfigurationPlatforms) = postSolution
		{C092163D-FB16-46C5-BF61-91E063BB6645}.Debug|Any CPU.ActiveCfg = Debug|Any CPU
		{C092163D-FB16-46C5-BF61-91E063BB6645}.Debug|Any CPU.Build.0 = Debug|Any CPU
		{C092163D-FB16-46C5-BF61-91E063BB6645}.Release|Any CPU.ActiveCfg = Release|Any CPU
		{C092163D-FB16-46C5-BF61-91E063BB6645}.Release|Any CPU.Build.0 = Release|Any CPU
	EndGlobalSection
	GlobalSection(SolutionProperties) = preSolution
		HideSolutionNode = FALSE
	EndGlobalSection
	GlobalSection(ExtensibilityGlobals) = postSolution
		SolutionGuid = {7E63F190-3B8D-4A2B-B3F3-ED3E904F2B6B}
	EndGlobalSection
EndGlobal
