
Microsoft Visual Studio Solution File, Format Version 12.00
# Visual Studio 15
VisualStudioVersion = 15.0.27130.2003
MinimumVisualStudioVersion = 10.0.40219.1
Project("{FAE04EC0-301F-11D3-BF4B-00C04F79EFBC}") = "01.StudentsByGroup", "01.StudentsByGroup\01.StudentsByGroup.csproj", "{3CCC6A5C-236F-492E-A8E9-B046277B3B64}"
EndProject
Project("{FAE04EC0-301F-11D3-BF4B-00C04F79EFBC}") = "02.StudentsByFirstAndLastName", "02.StudentsByFirstAndLastName\02.StudentsByFirstAndLastName.csproj", "{05609FC1-C228-4CC6-9A47-9652434C68E9}"
EndProject
Project("{FAE04EC0-301F-11D3-BF4B-00C04F79EFBC}") = "03.StudentsByAge", "03.StudentsByAge\03.StudentsByAge.csproj", "{3DA8D48E-AEC1-4F14-A70E-5B04CC9C15C2}"
EndProject
Project("{FAE04EC0-301F-11D3-BF4B-00C04F79EFBC}") = "04.SortStudents", "04.SortStudents\04.SortStudents.csproj", "{7A5C7620-5ED4-4014-A8AA-1045182ED705}"
EndProject
Project("{FAE04EC0-301F-11D3-BF4B-00C04F79EFBC}") = "05.FilterStudentsByEmailDomain", "05.FilterStudentsByEmailDomain\05.FilterStudentsByEmailDomain.csproj", "{655F7C42-D53E-45A9-B712-FB00E5E13CD7}"
EndProject
Project("{FAE04EC0-301F-11D3-BF4B-00C04F79EFBC}") = "06.FilterStudentsByPhone", "06.FilterStudentsByPhone\06.FilterStudentsByPhone.csproj", "{C51F8903-5FF2-4735-B18B-C9DF8DA27C84}"
EndProject
Project("{FAE04EC0-301F-11D3-BF4B-00C04F79EFBC}") = "07.ExcellentStudents", "07.ExcellentStudents\07.ExcellentStudents.csproj", "{9A2E1A96-5A1B-49F8-8036-E69568CD33D4}"
EndProject
Project("{FAE04EC0-301F-11D3-BF4B-00C04F79EFBC}") = "08.WeakStudents", "08.WeakStudents\08.WeakStudents.csproj", "{6BC2D701-6438-4A4D-8B59-C776D44D5F6E}"
EndProject
Project("{FAE04EC0-301F-11D3-BF4B-00C04F79EFBC}") = "09.StudentsEnrolledIn2014Or2015", "09.StudentsEnrolledIn2014Or2015\09.StudentsEnrolledIn2014Or2015.csproj", "{1ED47E52-1474-4786-B78B-3784BA2FDF11}"
EndProject
Project("{FAE04EC0-301F-11D3-BF4B-00C04F79EFBC}") = "10.GroupByGroup", "10.GroupByGroup\10.GroupByGroup.csproj", "{8C4AA0E0-0F5D-4A1A-9FEF-480481E163FA}"
EndProject
Global
	GlobalSection(SolutionConfigurationPlatforms) = preSolution
		Debug|Any CPU = Debug|Any CPU
		Release|Any CPU = Release|Any CPU
	EndGlobalSection
	GlobalSection(ProjectConfigurationPlatforms) = postSolution
		{3CCC6A5C-236F-492E-A8E9-B046277B3B64}.Debug|Any CPU.ActiveCfg = Debug|Any CPU
		{3CCC6A5C-236F-492E-A8E9-B046277B3B64}.Debug|Any CPU.Build.0 = Debug|Any CPU
		{3CCC6A5C-236F-492E-A8E9-B046277B3B64}.Release|Any CPU.ActiveCfg = Release|Any CPU
		{3CCC6A5C-236F-492E-A8E9-B046277B3B64}.Release|Any CPU.Build.0 = Release|Any CPU
		{05609FC1-C228-4CC6-9A47-9652434C68E9}.Debug|Any CPU.ActiveCfg = Debug|Any CPU
		{05609FC1-C228-4CC6-9A47-9652434C68E9}.Debug|Any CPU.Build.0 = Debug|Any CPU
		{05609FC1-C228-4CC6-9A47-9652434C68E9}.Release|Any CPU.ActiveCfg = Release|Any CPU
		{05609FC1-C228-4CC6-9A47-9652434C68E9}.Release|Any CPU.Build.0 = Release|Any CPU
		{3DA8D48E-AEC1-4F14-A70E-5B04CC9C15C2}.Debug|Any CPU.ActiveCfg = Debug|Any CPU
		{3DA8D48E-AEC1-4F14-A70E-5B04CC9C15C2}.Debug|Any CPU.Build.0 = Debug|Any CPU
		{3DA8D48E-AEC1-4F14-A70E-5B04CC9C15C2}.Release|Any CPU.ActiveCfg = Release|Any CPU
		{3DA8D48E-AEC1-4F14-A70E-5B04CC9C15C2}.Release|Any CPU.Build.0 = Release|Any CPU
		{7A5C7620-5ED4-4014-A8AA-1045182ED705}.Debug|Any CPU.ActiveCfg = Debug|Any CPU
		{7A5C7620-5ED4-4014-A8AA-1045182ED705}.Debug|Any CPU.Build.0 = Debug|Any CPU
		{7A5C7620-5ED4-4014-A8AA-1045182ED705}.Release|Any CPU.ActiveCfg = Release|Any CPU
		{7A5C7620-5ED4-4014-A8AA-1045182ED705}.Release|Any CPU.Build.0 = Release|Any CPU
		{655F7C42-D53E-45A9-B712-FB00E5E13CD7}.Debug|Any CPU.ActiveCfg = Debug|Any CPU
		{655F7C42-D53E-45A9-B712-FB00E5E13CD7}.Debug|Any CPU.Build.0 = Debug|Any CPU
		{655F7C42-D53E-45A9-B712-FB00E5E13CD7}.Release|Any CPU.ActiveCfg = Release|Any CPU
		{655F7C42-D53E-45A9-B712-FB00E5E13CD7}.Release|Any CPU.Build.0 = Release|Any CPU
		{C51F8903-5FF2-4735-B18B-C9DF8DA27C84}.Debug|Any CPU.ActiveCfg = Debug|Any CPU
		{C51F8903-5FF2-4735-B18B-C9DF8DA27C84}.Debug|Any CPU.Build.0 = Debug|Any CPU
		{C51F8903-5FF2-4735-B18B-C9DF8DA27C84}.Release|Any CPU.ActiveCfg = Release|Any CPU
		{C51F8903-5FF2-4735-B18B-C9DF8DA27C84}.Release|Any CPU.Build.0 = Release|Any CPU
		{9A2E1A96-5A1B-49F8-8036-E69568CD33D4}.Debug|Any CPU.ActiveCfg = Debug|Any CPU
		{9A2E1A96-5A1B-49F8-8036-E69568CD33D4}.Debug|Any CPU.Build.0 = Debug|Any CPU
		{9A2E1A96-5A1B-49F8-8036-E69568CD33D4}.Release|Any CPU.ActiveCfg = Release|Any CPU
		{9A2E1A96-5A1B-49F8-8036-E69568CD33D4}.Release|Any CPU.Build.0 = Release|Any CPU
		{6BC2D701-6438-4A4D-8B59-C776D44D5F6E}.Debug|Any CPU.ActiveCfg = Debug|Any CPU
		{6BC2D701-6438-4A4D-8B59-C776D44D5F6E}.Debug|Any CPU.Build.0 = Debug|Any CPU
		{6BC2D701-6438-4A4D-8B59-C776D44D5F6E}.Release|Any CPU.ActiveCfg = Release|Any CPU
		{6BC2D701-6438-4A4D-8B59-C776D44D5F6E}.Release|Any CPU.Build.0 = Release|Any CPU
		{1ED47E52-1474-4786-B78B-3784BA2FDF11}.Debug|Any CPU.ActiveCfg = Debug|Any CPU
		{1ED47E52-1474-4786-B78B-3784BA2FDF11}.Debug|Any CPU.Build.0 = Debug|Any CPU
		{1ED47E52-1474-4786-B78B-3784BA2FDF11}.Release|Any CPU.ActiveCfg = Release|Any CPU
		{1ED47E52-1474-4786-B78B-3784BA2FDF11}.Release|Any CPU.Build.0 = Release|Any CPU
		{8C4AA0E0-0F5D-4A1A-9FEF-480481E163FA}.Debug|Any CPU.ActiveCfg = Debug|Any CPU
		{8C4AA0E0-0F5D-4A1A-9FEF-480481E163FA}.Debug|Any CPU.Build.0 = Debug|Any CPU
		{8C4AA0E0-0F5D-4A1A-9FEF-480481E163FA}.Release|Any CPU.ActiveCfg = Release|Any CPU
		{8C4AA0E0-0F5D-4A1A-9FEF-480481E163FA}.Release|Any CPU.Build.0 = Release|Any CPU
	EndGlobalSection
	GlobalSection(SolutionProperties) = preSolution
		HideSolutionNode = FALSE
	EndGlobalSection
	GlobalSection(ExtensibilityGlobals) = postSolution
		SolutionGuid = {804349D9-868A-4D02-A5BA-3174FDE478FF}
	EndGlobalSection
EndGlobal
