
Microsoft Visual Studio Solution File, Format Version 12.00
# Visual Studio 15
VisualStudioVersion = 15.0.26730.8
MinimumVisualStudioVersion = 10.0.40219.1
Project("{FAE04EC0-301F-11D3-BF4B-00C04F79EFBC}") = "1.ReverseString", "1.ReverseString\1.ReverseString.csproj", "{ACE2D287-5362-4589-8A1E-48A5F4BD00BA}"
EndProject
Global
	GlobalSection(SolutionConfigurationPlatforms) = preSolution
		Debug|Any CPU = Debug|Any CPU
		Release|Any CPU = Release|Any CPU
	EndGlobalSection
	GlobalSection(ProjectConfigurationPlatforms) = postSolution
		{ACE2D287-5362-4589-8A1E-48A5F4BD00BA}.Debug|Any CPU.ActiveCfg = Debug|Any CPU
		{ACE2D287-5362-4589-8A1E-48A5F4BD00BA}.Debug|Any CPU.Build.0 = Debug|Any CPU
		{ACE2D287-5362-4589-8A1E-48A5F4BD00BA}.Release|Any CPU.ActiveCfg = Release|Any CPU
		{ACE2D287-5362-4589-8A1E-48A5F4BD00BA}.Release|Any CPU.Build.0 = Release|Any CPU
	EndGlobalSection
	GlobalSection(SolutionProperties) = preSolution
		HideSolutionNode = FALSE
	EndGlobalSection
	GlobalSection(ExtensibilityGlobals) = postSolution
		SolutionGuid = {89D10C4A-3BDE-4445-85E3-D03EF9125392}
	EndGlobalSection
EndGlobal
