
Microsoft Visual Studio Solution File, Format Version 12.00
# Visual Studio 15
VisualStudioVersion = 15.0.27428.2015
MinimumVisualStudioVersion = 10.0.40219.1
Project("{FAE04EC0-301F-11D3-BF4B-00C04F79EFBC}") = "1.Weekdays", "1.Weekdays\1.Weekdays.csproj", "{8CDE98F3-51B2-46EC-B5F5-7F6A9F623680}"
EndProject
Project("{FAE04EC0-301F-11D3-BF4B-00C04F79EFBC}") = "2.CoffeeMachine", "2.CoffeeMachine\2.CoffeeMachine.csproj", "{3BBE86DC-F956-40CE-8879-020030BC7269}"
EndProject
Project("{FAE04EC0-301F-11D3-BF4B-00C04F79EFBC}") = "3.CreateAttribute", "3.CreateAttribute\3.CreateAttribute.csproj", "{B9E4A570-D6AE-4230-A7FB-85080EAACE48}"
EndProject
Project("{FAE04EC0-301F-11D3-BF4B-00C04F79EFBC}") = "4.CodingTracker", "4.CodingTracker\4.CodingTracker.csproj", "{AE5F7033-ADCC-494F-8D16-A1F802FCCAB5}"
EndProject
Global
	GlobalSection(SolutionConfigurationPlatforms) = preSolution
		Debug|Any CPU = Debug|Any CPU
		Release|Any CPU = Release|Any CPU
	EndGlobalSection
	GlobalSection(ProjectConfigurationPlatforms) = postSolution
		{8CDE98F3-51B2-46EC-B5F5-7F6A9F623680}.Debug|Any CPU.ActiveCfg = Debug|Any CPU
		{8CDE98F3-51B2-46EC-B5F5-7F6A9F623680}.Debug|Any CPU.Build.0 = Debug|Any CPU
		{8CDE98F3-51B2-46EC-B5F5-7F6A9F623680}.Release|Any CPU.ActiveCfg = Release|Any CPU
		{8CDE98F3-51B2-46EC-B5F5-7F6A9F623680}.Release|Any CPU.Build.0 = Release|Any CPU
		{3BBE86DC-F956-40CE-8879-020030BC7269}.Debug|Any CPU.ActiveCfg = Debug|Any CPU
		{3BBE86DC-F956-40CE-8879-020030BC7269}.Debug|Any CPU.Build.0 = Debug|Any CPU
		{3BBE86DC-F956-40CE-8879-020030BC7269}.Release|Any CPU.ActiveCfg = Release|Any CPU
		{3BBE86DC-F956-40CE-8879-020030BC7269}.Release|Any CPU.Build.0 = Release|Any CPU
		{B9E4A570-D6AE-4230-A7FB-85080EAACE48}.Debug|Any CPU.ActiveCfg = Debug|Any CPU
		{B9E4A570-D6AE-4230-A7FB-85080EAACE48}.Debug|Any CPU.Build.0 = Debug|Any CPU
		{B9E4A570-D6AE-4230-A7FB-85080EAACE48}.Release|Any CPU.ActiveCfg = Release|Any CPU
		{B9E4A570-D6AE-4230-A7FB-85080EAACE48}.Release|Any CPU.Build.0 = Release|Any CPU
		{AE5F7033-ADCC-494F-8D16-A1F802FCCAB5}.Debug|Any CPU.ActiveCfg = Debug|Any CPU
		{AE5F7033-ADCC-494F-8D16-A1F802FCCAB5}.Debug|Any CPU.Build.0 = Debug|Any CPU
		{AE5F7033-ADCC-494F-8D16-A1F802FCCAB5}.Release|Any CPU.ActiveCfg = Release|Any CPU
		{AE5F7033-ADCC-494F-8D16-A1F802FCCAB5}.Release|Any CPU.Build.0 = Release|Any CPU
	EndGlobalSection
	GlobalSection(SolutionProperties) = preSolution
		HideSolutionNode = FALSE
	EndGlobalSection
	GlobalSection(ExtensibilityGlobals) = postSolution
		SolutionGuid = {AD50D4CD-DCD9-4EC4-A9DC-082014F44D8F}
	EndGlobalSection
EndGlobal
