
Microsoft Visual Studio Solution File, Format Version 12.00
# Visual Studio 15
VisualStudioVersion = 15.0.27130.2010
MinimumVisualStudioVersion = 10.0.40219.1
Project("{FAE04EC0-301F-11D3-BF4B-00C04F79EFBC}") = "01.DefineAClassPerson", "01.DefineAClassPerson\01.DefineAClassPerson.csproj", "{554F5F59-6807-4EF2-85DD-61F424B4D7C9}"
EndProject
Project("{FAE04EC0-301F-11D3-BF4B-00C04F79EFBC}") = "02.CreatingConstructors", "02.CreatingConstructors\02.CreatingConstructors.csproj", "{D320D473-5A6D-405C-AF34-E5E8C378FA15}"
EndProject
Project("{FAE04EC0-301F-11D3-BF4B-00C04F79EFBC}") = "03.OldestFamilyMember", "03.OldestFamilyMember\03.OldestFamilyMember.csproj", "{4EE3D57F-A39E-4A73-8393-1C1CEBEF2AA7}"
EndProject
Project("{FAE04EC0-301F-11D3-BF4B-00C04F79EFBC}") = "04.OpinionPoll", "04.OpinionPoll\04.OpinionPoll.csproj", "{A7740DD2-7453-4278-B5AE-80E55BAD7B90}"
EndProject
Project("{FAE04EC0-301F-11D3-BF4B-00C04F79EFBC}") = "05.DateModifier", "05.DateModifier\05.DateModifier.csproj", "{C15BD9F3-853D-41EC-846A-5AACF320E7FB}"
EndProject
Project("{FAE04EC0-301F-11D3-BF4B-00C04F79EFBC}") = "06.CompanyRoster", "06.CompanyRoster\06.CompanyRoster.csproj", "{AFA85281-459C-4B4C-A232-382D61EBF782}"
EndProject
Project("{FAE04EC0-301F-11D3-BF4B-00C04F79EFBC}") = "07.SpeedRacing", "07.SpeedRacing\07.SpeedRacing.csproj", "{3D1197A2-9504-4BD6-9AD2-43361A83A0A9}"
EndProject
Project("{FAE04EC0-301F-11D3-BF4B-00C04F79EFBC}") = "08.RawData", "08.RawData\08.RawData.csproj", "{7C185DCD-6390-49EC-9EBE-819B472331DB}"
EndProject
Project("{FAE04EC0-301F-11D3-BF4B-00C04F79EFBC}") = "09.RectangleIntersection", "09.RectangleIntersection\09.RectangleIntersection.csproj", "{437634AA-33FA-49A4-9A7F-FAD40824F7F4}"
EndProject
Project("{FAE04EC0-301F-11D3-BF4B-00C04F79EFBC}") = "10.CarSalesman", "10.CarSalesman\10.CarSalesman.csproj", "{FE98C7A6-96EA-4B29-98CB-6DB4ADC93D18}"
EndProject
Project("{FAE04EC0-301F-11D3-BF4B-00C04F79EFBC}") = "11.PokemonTrainer", "11.PokemonTrainer\11.PokemonTrainer.csproj", "{F3C9BAB6-289E-48DB-B28A-9670767EAB51}"
EndProject
Project("{FAE04EC0-301F-11D3-BF4B-00C04F79EFBC}") = "12.Google", "12.Google\12.Google.csproj", "{D0D93352-9253-4C52-A50E-3D5F5B32D931}"
EndProject
Project("{FAE04EC0-301F-11D3-BF4B-00C04F79EFBC}") = "13.FamilyTree", "13.FamilyTree\13.FamilyTree.csproj", "{81C32681-52CA-43A3-9ACC-1130D787BCE5}"
EndProject
Global
	GlobalSection(SolutionConfigurationPlatforms) = preSolution
		Debug|Any CPU = Debug|Any CPU
		Release|Any CPU = Release|Any CPU
	EndGlobalSection
	GlobalSection(ProjectConfigurationPlatforms) = postSolution
		{554F5F59-6807-4EF2-85DD-61F424B4D7C9}.Debug|Any CPU.ActiveCfg = Debug|Any CPU
		{554F5F59-6807-4EF2-85DD-61F424B4D7C9}.Debug|Any CPU.Build.0 = Debug|Any CPU
		{554F5F59-6807-4EF2-85DD-61F424B4D7C9}.Release|Any CPU.ActiveCfg = Release|Any CPU
		{554F5F59-6807-4EF2-85DD-61F424B4D7C9}.Release|Any CPU.Build.0 = Release|Any CPU
		{D320D473-5A6D-405C-AF34-E5E8C378FA15}.Debug|Any CPU.ActiveCfg = Debug|Any CPU
		{D320D473-5A6D-405C-AF34-E5E8C378FA15}.Debug|Any CPU.Build.0 = Debug|Any CPU
		{D320D473-5A6D-405C-AF34-E5E8C378FA15}.Release|Any CPU.ActiveCfg = Release|Any CPU
		{D320D473-5A6D-405C-AF34-E5E8C378FA15}.Release|Any CPU.Build.0 = Release|Any CPU
		{4EE3D57F-A39E-4A73-8393-1C1CEBEF2AA7}.Debug|Any CPU.ActiveCfg = Debug|Any CPU
		{4EE3D57F-A39E-4A73-8393-1C1CEBEF2AA7}.Debug|Any CPU.Build.0 = Debug|Any CPU
		{4EE3D57F-A39E-4A73-8393-1C1CEBEF2AA7}.Release|Any CPU.ActiveCfg = Release|Any CPU
		{4EE3D57F-A39E-4A73-8393-1C1CEBEF2AA7}.Release|Any CPU.Build.0 = Release|Any CPU
		{A7740DD2-7453-4278-B5AE-80E55BAD7B90}.Debug|Any CPU.ActiveCfg = Debug|Any CPU
		{A7740DD2-7453-4278-B5AE-80E55BAD7B90}.Debug|Any CPU.Build.0 = Debug|Any CPU
		{A7740DD2-7453-4278-B5AE-80E55BAD7B90}.Release|Any CPU.ActiveCfg = Release|Any CPU
		{A7740DD2-7453-4278-B5AE-80E55BAD7B90}.Release|Any CPU.Build.0 = Release|Any CPU
		{C15BD9F3-853D-41EC-846A-5AACF320E7FB}.Debug|Any CPU.ActiveCfg = Debug|Any CPU
		{C15BD9F3-853D-41EC-846A-5AACF320E7FB}.Debug|Any CPU.Build.0 = Debug|Any CPU
		{C15BD9F3-853D-41EC-846A-5AACF320E7FB}.Release|Any CPU.ActiveCfg = Release|Any CPU
		{C15BD9F3-853D-41EC-846A-5AACF320E7FB}.Release|Any CPU.Build.0 = Release|Any CPU
		{AFA85281-459C-4B4C-A232-382D61EBF782}.Debug|Any CPU.ActiveCfg = Debug|Any CPU
		{AFA85281-459C-4B4C-A232-382D61EBF782}.Debug|Any CPU.Build.0 = Debug|Any CPU
		{AFA85281-459C-4B4C-A232-382D61EBF782}.Release|Any CPU.ActiveCfg = Release|Any CPU
		{AFA85281-459C-4B4C-A232-382D61EBF782}.Release|Any CPU.Build.0 = Release|Any CPU
		{3D1197A2-9504-4BD6-9AD2-43361A83A0A9}.Debug|Any CPU.ActiveCfg = Debug|Any CPU
		{3D1197A2-9504-4BD6-9AD2-43361A83A0A9}.Debug|Any CPU.Build.0 = Debug|Any CPU
		{3D1197A2-9504-4BD6-9AD2-43361A83A0A9}.Release|Any CPU.ActiveCfg = Release|Any CPU
		{3D1197A2-9504-4BD6-9AD2-43361A83A0A9}.Release|Any CPU.Build.0 = Release|Any CPU
		{7C185DCD-6390-49EC-9EBE-819B472331DB}.Debug|Any CPU.ActiveCfg = Debug|Any CPU
		{7C185DCD-6390-49EC-9EBE-819B472331DB}.Debug|Any CPU.Build.0 = Debug|Any CPU
		{7C185DCD-6390-49EC-9EBE-819B472331DB}.Release|Any CPU.ActiveCfg = Release|Any CPU
		{7C185DCD-6390-49EC-9EBE-819B472331DB}.Release|Any CPU.Build.0 = Release|Any CPU
		{437634AA-33FA-49A4-9A7F-FAD40824F7F4}.Debug|Any CPU.ActiveCfg = Debug|Any CPU
		{437634AA-33FA-49A4-9A7F-FAD40824F7F4}.Debug|Any CPU.Build.0 = Debug|Any CPU
		{437634AA-33FA-49A4-9A7F-FAD40824F7F4}.Release|Any CPU.ActiveCfg = Release|Any CPU
		{437634AA-33FA-49A4-9A7F-FAD40824F7F4}.Release|Any CPU.Build.0 = Release|Any CPU
		{FE98C7A6-96EA-4B29-98CB-6DB4ADC93D18}.Debug|Any CPU.ActiveCfg = Debug|Any CPU
		{FE98C7A6-96EA-4B29-98CB-6DB4ADC93D18}.Debug|Any CPU.Build.0 = Debug|Any CPU
		{FE98C7A6-96EA-4B29-98CB-6DB4ADC93D18}.Release|Any CPU.ActiveCfg = Release|Any CPU
		{FE98C7A6-96EA-4B29-98CB-6DB4ADC93D18}.Release|Any CPU.Build.0 = Release|Any CPU
		{F3C9BAB6-289E-48DB-B28A-9670767EAB51}.Debug|Any CPU.ActiveCfg = Debug|Any CPU
		{F3C9BAB6-289E-48DB-B28A-9670767EAB51}.Debug|Any CPU.Build.0 = Debug|Any CPU
		{F3C9BAB6-289E-48DB-B28A-9670767EAB51}.Release|Any CPU.ActiveCfg = Release|Any CPU
		{F3C9BAB6-289E-48DB-B28A-9670767EAB51}.Release|Any CPU.Build.0 = Release|Any CPU
		{D0D93352-9253-4C52-A50E-3D5F5B32D931}.Debug|Any CPU.ActiveCfg = Debug|Any CPU
		{D0D93352-9253-4C52-A50E-3D5F5B32D931}.Debug|Any CPU.Build.0 = Debug|Any CPU
		{D0D93352-9253-4C52-A50E-3D5F5B32D931}.Release|Any CPU.ActiveCfg = Release|Any CPU
		{D0D93352-9253-4C52-A50E-3D5F5B32D931}.Release|Any CPU.Build.0 = Release|Any CPU
		{81C32681-52CA-43A3-9ACC-1130D787BCE5}.Debug|Any CPU.ActiveCfg = Debug|Any CPU
		{81C32681-52CA-43A3-9ACC-1130D787BCE5}.Debug|Any CPU.Build.0 = Debug|Any CPU
		{81C32681-52CA-43A3-9ACC-1130D787BCE5}.Release|Any CPU.ActiveCfg = Release|Any CPU
		{81C32681-52CA-43A3-9ACC-1130D787BCE5}.Release|Any CPU.Build.0 = Release|Any CPU
	EndGlobalSection
	GlobalSection(SolutionProperties) = preSolution
		HideSolutionNode = FALSE
	EndGlobalSection
	GlobalSection(ExtensibilityGlobals) = postSolution
		SolutionGuid = {360AD479-A058-44CD-8E72-44C345378DD6}
	EndGlobalSection
EndGlobal
