
Microsoft Visual Studio Solution File, Format Version 12.00
# Visual Studio 15
VisualStudioVersion = 15.0.27130.2010
MinimumVisualStudioVersion = 10.0.40219.1
Project("{FAE04EC0-301F-11D3-BF4B-00C04F79EFBC}") = "01.DefineAClassPerson", "01.DefineAClassPerson\01.DefineAClassPerson.csproj", "{554F5F59-6807-4EF2-85DD-61F424B4D7C9}"
EndProject
Project("{FAE04EC0-301F-11D3-BF4B-00C04F79EFBC}") = "02.CreatingConstructors", "02.CreatingConstructors\02.CreatingConstructors.csproj", "{D320D473-5A6D-405C-AF34-E5E8C378FA15}"
EndProject
Project("{FAE04EC0-301F-11D3-BF4B-00C04F79EFBC}") = "03.OldestFamilyMember", "03.OldestFamilyMember\03.OldestFamilyMember.csproj", "{4EE3D57F-A39E-4A73-8393-1C1CEBEF2AA7}"
EndProject
Global
	GlobalSection(SolutionConfigurationPlatforms) = preSolution
		Debug|Any CPU = Debug|Any CPU
		Release|Any CPU = Release|Any CPU
	EndGlobalSection
	GlobalSection(ProjectConfigurationPlatforms) = postSolution
		{554F5F59-6807-4EF2-85DD-61F424B4D7C9}.Debug|Any CPU.ActiveCfg = Debug|Any CPU
		{554F5F59-6807-4EF2-85DD-61F424B4D7C9}.Debug|Any CPU.Build.0 = Debug|Any CPU
		{554F5F59-6807-4EF2-85DD-61F424B4D7C9}.Release|Any CPU.ActiveCfg = Release|Any CPU
		{554F5F59-6807-4EF2-85DD-61F424B4D7C9}.Release|Any CPU.Build.0 = Release|Any CPU
		{D320D473-5A6D-405C-AF34-E5E8C378FA15}.Debug|Any CPU.ActiveCfg = Debug|Any CPU
		{D320D473-5A6D-405C-AF34-E5E8C378FA15}.Debug|Any CPU.Build.0 = Debug|Any CPU
		{D320D473-5A6D-405C-AF34-E5E8C378FA15}.Release|Any CPU.ActiveCfg = Release|Any CPU
		{D320D473-5A6D-405C-AF34-E5E8C378FA15}.Release|Any CPU.Build.0 = Release|Any CPU
		{4EE3D57F-A39E-4A73-8393-1C1CEBEF2AA7}.Debug|Any CPU.ActiveCfg = Debug|Any CPU
		{4EE3D57F-A39E-4A73-8393-1C1CEBEF2AA7}.Debug|Any CPU.Build.0 = Debug|Any CPU
		{4EE3D57F-A39E-4A73-8393-1C1CEBEF2AA7}.Release|Any CPU.ActiveCfg = Release|Any CPU
		{4EE3D57F-A39E-4A73-8393-1C1CEBEF2AA7}.Release|Any CPU.Build.0 = Release|Any CPU
	EndGlobalSection
	GlobalSection(SolutionProperties) = preSolution
		HideSolutionNode = FALSE
	EndGlobalSection
	GlobalSection(ExtensibilityGlobals) = postSolution
		SolutionGuid = {360AD479-A058-44CD-8E72-44C345378DD6}
	EndGlobalSection
EndGlobal
