
Microsoft Visual Studio Solution File, Format Version 12.00
# Visual Studio 15
VisualStudioVersion = 15.0.27004.2009
MinimumVisualStudioVersion = 10.0.40219.1
Project("{FAE04EC0-301F-11D3-BF4B-00C04F79EFBC}") = "1. OddLines", "1. OddLines\1. OddLines.csproj", "{D5328138-1588-453B-9152-06974EAD3819}"
EndProject
Project("{FAE04EC0-301F-11D3-BF4B-00C04F79EFBC}") = "2. LineNumbers", "2. LineNumbers\2. LineNumbers.csproj", "{62FAD0FB-3389-41A5-9024-8FADA692D82A}"
EndProject
Project("{FAE04EC0-301F-11D3-BF4B-00C04F79EFBC}") = "3. WordCount", "3. WordCount\3. WordCount.csproj", "{48E0C29E-8AAC-4115-9421-7E86B8CD3E89}"
EndProject
Global
	GlobalSection(SolutionConfigurationPlatforms) = preSolution
		Debug|Any CPU = Debug|Any CPU
		Release|Any CPU = Release|Any CPU
	EndGlobalSection
	GlobalSection(ProjectConfigurationPlatforms) = postSolution
		{D5328138-1588-453B-9152-06974EAD3819}.Debug|Any CPU.ActiveCfg = Debug|Any CPU
		{D5328138-1588-453B-9152-06974EAD3819}.Debug|Any CPU.Build.0 = Debug|Any CPU
		{D5328138-1588-453B-9152-06974EAD3819}.Release|Any CPU.ActiveCfg = Release|Any CPU
		{D5328138-1588-453B-9152-06974EAD3819}.Release|Any CPU.Build.0 = Release|Any CPU
		{62FAD0FB-3389-41A5-9024-8FADA692D82A}.Debug|Any CPU.ActiveCfg = Debug|Any CPU
		{62FAD0FB-3389-41A5-9024-8FADA692D82A}.Debug|Any CPU.Build.0 = Debug|Any CPU
		{62FAD0FB-3389-41A5-9024-8FADA692D82A}.Release|Any CPU.ActiveCfg = Release|Any CPU
		{62FAD0FB-3389-41A5-9024-8FADA692D82A}.Release|Any CPU.Build.0 = Release|Any CPU
		{48E0C29E-8AAC-4115-9421-7E86B8CD3E89}.Debug|Any CPU.ActiveCfg = Debug|Any CPU
		{48E0C29E-8AAC-4115-9421-7E86B8CD3E89}.Debug|Any CPU.Build.0 = Debug|Any CPU
		{48E0C29E-8AAC-4115-9421-7E86B8CD3E89}.Release|Any CPU.ActiveCfg = Release|Any CPU
		{48E0C29E-8AAC-4115-9421-7E86B8CD3E89}.Release|Any CPU.Build.0 = Release|Any CPU
	EndGlobalSection
	GlobalSection(SolutionProperties) = preSolution
		HideSolutionNode = FALSE
	EndGlobalSection
	GlobalSection(ExtensibilityGlobals) = postSolution
		SolutionGuid = {7C8C4D07-B667-474E-9F0A-7B88FB9A3A0C}
	EndGlobalSection
EndGlobal
