
Microsoft Visual Studio Solution File, Format Version 12.00
# Visual Studio 15
VisualStudioVersion = 15.0.27004.2010
MinimumVisualStudioVersion = 10.0.40219.1
Project("{FAE04EC0-301F-11D3-BF4B-00C04F79EFBC}") = "01.ReverseString", "01.ReverseString\01.ReverseString.csproj", "{516F26F5-218A-43E3-9882-AB50C7482BCF}"
EndProject
Project("{FAE04EC0-301F-11D3-BF4B-00C04F79EFBC}") = "02.StringLength", "02.StringLength\02.StringLength.csproj", "{2A6DF22B-270F-4C32-ABF0-167552436D80}"
EndProject
Project("{FAE04EC0-301F-11D3-BF4B-00C04F79EFBC}") = "03.FormattingNumbers", "03.FormattingNumbers\03.FormattingNumbers.csproj", "{B4C58E73-8F61-4116-9885-42B5E6AE6508}"
EndProject
Project("{FAE04EC0-301F-11D3-BF4B-00C04F79EFBC}") = "04.ConvertFrombase10TobaseN", "04.ConvertFrombase10TobaseN\04.ConvertFrombase10TobaseN.csproj", "{1ACE9965-264C-44AE-BCA7-B7A83764435F}"
EndProject
Project("{FAE04EC0-301F-11D3-BF4B-00C04F79EFBC}") = "05.ConvertFromBaseNToBase10", "05.ConvertFromBaseNToBase10\05.ConvertFromBaseNToBase10.csproj", "{B41DE8E5-E7D5-4EFE-B081-7DCD53ADDB27}"
EndProject
Project("{FAE04EC0-301F-11D3-BF4B-00C04F79EFBC}") = "06.CountSubstringOccurrences", "06.CountSubstringOccurrences\06.CountSubstringOccurrences.csproj", "{3FEB6A7F-DD1D-4853-8F64-C8D8BAD6255D}"
EndProject
Project("{FAE04EC0-301F-11D3-BF4B-00C04F79EFBC}") = "07.SumBignumbers", "07.SumBignumbers\07.SumBignumbers.csproj", "{17FDD5C9-871A-453F-A81B-1EBA4C7F70A7}"
EndProject
Project("{FAE04EC0-301F-11D3-BF4B-00C04F79EFBC}") = "08.MultiplyBigNumber", "08.MultiplyBigNumber\08.MultiplyBigNumber.csproj", "{84101108-1912-4742-8391-31FA7234DC5B}"
EndProject
Project("{FAE04EC0-301F-11D3-BF4B-00C04F79EFBC}") = "09.TextFilter", "09.TextFilter\09.TextFilter.csproj", "{12491D7A-62C6-46D6-84EA-A007C86276ED}"
EndProject
Project("{FAE04EC0-301F-11D3-BF4B-00C04F79EFBC}") = "10.UnicodeCharacters", "10.UnicodeCharacters\10.UnicodeCharacters.csproj", "{8D0F3863-42FF-4834-A2C8-85BD7F8B8300}"
EndProject
Project("{FAE04EC0-301F-11D3-BF4B-00C04F79EFBC}") = "11.Palindromes", "11.Palindromes\11.Palindromes.csproj", "{804F1B61-66C9-46CA-9325-63362F6B1FE9}"
EndProject
Project("{FAE04EC0-301F-11D3-BF4B-00C04F79EFBC}") = "12.CharacterMultiplier", "12.CharacterMultiplier\12.CharacterMultiplier.csproj", "{4E442D6B-7006-49A6-A2C3-5A121F5A776E}"
EndProject
Project("{FAE04EC0-301F-11D3-BF4B-00C04F79EFBC}") = "13.MagicExchangeableWords", "13.MagicExchangeableWords\13.MagicExchangeableWords.csproj", "{5BC589E4-0533-456B-8286-798F56C09F2B}"
EndProject
Project("{FAE04EC0-301F-11D3-BF4B-00C04F79EFBC}") = "14.LettersChangeNumbers", "14.LettersChangeNumbers\14.LettersChangeNumbers.csproj", "{6E9AA97B-35CF-4109-9221-1BE7FD05AB00}"
EndProject
Global
	GlobalSection(SolutionConfigurationPlatforms) = preSolution
		Debug|Any CPU = Debug|Any CPU
		Release|Any CPU = Release|Any CPU
	EndGlobalSection
	GlobalSection(ProjectConfigurationPlatforms) = postSolution
		{516F26F5-218A-43E3-9882-AB50C7482BCF}.Debug|Any CPU.ActiveCfg = Debug|Any CPU
		{516F26F5-218A-43E3-9882-AB50C7482BCF}.Debug|Any CPU.Build.0 = Debug|Any CPU
		{516F26F5-218A-43E3-9882-AB50C7482BCF}.Release|Any CPU.ActiveCfg = Release|Any CPU
		{516F26F5-218A-43E3-9882-AB50C7482BCF}.Release|Any CPU.Build.0 = Release|Any CPU
		{2A6DF22B-270F-4C32-ABF0-167552436D80}.Debug|Any CPU.ActiveCfg = Debug|Any CPU
		{2A6DF22B-270F-4C32-ABF0-167552436D80}.Debug|Any CPU.Build.0 = Debug|Any CPU
		{2A6DF22B-270F-4C32-ABF0-167552436D80}.Release|Any CPU.ActiveCfg = Release|Any CPU
		{2A6DF22B-270F-4C32-ABF0-167552436D80}.Release|Any CPU.Build.0 = Release|Any CPU
		{B4C58E73-8F61-4116-9885-42B5E6AE6508}.Debug|Any CPU.ActiveCfg = Debug|Any CPU
		{B4C58E73-8F61-4116-9885-42B5E6AE6508}.Debug|Any CPU.Build.0 = Debug|Any CPU
		{B4C58E73-8F61-4116-9885-42B5E6AE6508}.Release|Any CPU.ActiveCfg = Release|Any CPU
		{B4C58E73-8F61-4116-9885-42B5E6AE6508}.Release|Any CPU.Build.0 = Release|Any CPU
		{1ACE9965-264C-44AE-BCA7-B7A83764435F}.Debug|Any CPU.ActiveCfg = Debug|Any CPU
		{1ACE9965-264C-44AE-BCA7-B7A83764435F}.Debug|Any CPU.Build.0 = Debug|Any CPU
		{1ACE9965-264C-44AE-BCA7-B7A83764435F}.Release|Any CPU.ActiveCfg = Release|Any CPU
		{1ACE9965-264C-44AE-BCA7-B7A83764435F}.Release|Any CPU.Build.0 = Release|Any CPU
		{B41DE8E5-E7D5-4EFE-B081-7DCD53ADDB27}.Debug|Any CPU.ActiveCfg = Debug|Any CPU
		{B41DE8E5-E7D5-4EFE-B081-7DCD53ADDB27}.Debug|Any CPU.Build.0 = Debug|Any CPU
		{B41DE8E5-E7D5-4EFE-B081-7DCD53ADDB27}.Release|Any CPU.ActiveCfg = Release|Any CPU
		{B41DE8E5-E7D5-4EFE-B081-7DCD53ADDB27}.Release|Any CPU.Build.0 = Release|Any CPU
		{3FEB6A7F-DD1D-4853-8F64-C8D8BAD6255D}.Debug|Any CPU.ActiveCfg = Debug|Any CPU
		{3FEB6A7F-DD1D-4853-8F64-C8D8BAD6255D}.Debug|Any CPU.Build.0 = Debug|Any CPU
		{3FEB6A7F-DD1D-4853-8F64-C8D8BAD6255D}.Release|Any CPU.ActiveCfg = Release|Any CPU
		{3FEB6A7F-DD1D-4853-8F64-C8D8BAD6255D}.Release|Any CPU.Build.0 = Release|Any CPU
		{17FDD5C9-871A-453F-A81B-1EBA4C7F70A7}.Debug|Any CPU.ActiveCfg = Debug|Any CPU
		{17FDD5C9-871A-453F-A81B-1EBA4C7F70A7}.Debug|Any CPU.Build.0 = Debug|Any CPU
		{17FDD5C9-871A-453F-A81B-1EBA4C7F70A7}.Release|Any CPU.ActiveCfg = Release|Any CPU
		{17FDD5C9-871A-453F-A81B-1EBA4C7F70A7}.Release|Any CPU.Build.0 = Release|Any CPU
		{84101108-1912-4742-8391-31FA7234DC5B}.Debug|Any CPU.ActiveCfg = Debug|Any CPU
		{84101108-1912-4742-8391-31FA7234DC5B}.Debug|Any CPU.Build.0 = Debug|Any CPU
		{84101108-1912-4742-8391-31FA7234DC5B}.Release|Any CPU.ActiveCfg = Release|Any CPU
		{84101108-1912-4742-8391-31FA7234DC5B}.Release|Any CPU.Build.0 = Release|Any CPU
		{12491D7A-62C6-46D6-84EA-A007C86276ED}.Debug|Any CPU.ActiveCfg = Debug|Any CPU
		{12491D7A-62C6-46D6-84EA-A007C86276ED}.Debug|Any CPU.Build.0 = Debug|Any CPU
		{12491D7A-62C6-46D6-84EA-A007C86276ED}.Release|Any CPU.ActiveCfg = Release|Any CPU
		{12491D7A-62C6-46D6-84EA-A007C86276ED}.Release|Any CPU.Build.0 = Release|Any CPU
		{8D0F3863-42FF-4834-A2C8-85BD7F8B8300}.Debug|Any CPU.ActiveCfg = Debug|Any CPU
		{8D0F3863-42FF-4834-A2C8-85BD7F8B8300}.Debug|Any CPU.Build.0 = Debug|Any CPU
		{8D0F3863-42FF-4834-A2C8-85BD7F8B8300}.Release|Any CPU.ActiveCfg = Release|Any CPU
		{8D0F3863-42FF-4834-A2C8-85BD7F8B8300}.Release|Any CPU.Build.0 = Release|Any CPU
		{804F1B61-66C9-46CA-9325-63362F6B1FE9}.Debug|Any CPU.ActiveCfg = Debug|Any CPU
		{804F1B61-66C9-46CA-9325-63362F6B1FE9}.Debug|Any CPU.Build.0 = Debug|Any CPU
		{804F1B61-66C9-46CA-9325-63362F6B1FE9}.Release|Any CPU.ActiveCfg = Release|Any CPU
		{804F1B61-66C9-46CA-9325-63362F6B1FE9}.Release|Any CPU.Build.0 = Release|Any CPU
		{4E442D6B-7006-49A6-A2C3-5A121F5A776E}.Debug|Any CPU.ActiveCfg = Debug|Any CPU
		{4E442D6B-7006-49A6-A2C3-5A121F5A776E}.Debug|Any CPU.Build.0 = Debug|Any CPU
		{4E442D6B-7006-49A6-A2C3-5A121F5A776E}.Release|Any CPU.ActiveCfg = Release|Any CPU
		{4E442D6B-7006-49A6-A2C3-5A121F5A776E}.Release|Any CPU.Build.0 = Release|Any CPU
		{5BC589E4-0533-456B-8286-798F56C09F2B}.Debug|Any CPU.ActiveCfg = Debug|Any CPU
		{5BC589E4-0533-456B-8286-798F56C09F2B}.Debug|Any CPU.Build.0 = Debug|Any CPU
		{5BC589E4-0533-456B-8286-798F56C09F2B}.Release|Any CPU.ActiveCfg = Release|Any CPU
		{5BC589E4-0533-456B-8286-798F56C09F2B}.Release|Any CPU.Build.0 = Release|Any CPU
		{6E9AA97B-35CF-4109-9221-1BE7FD05AB00}.Debug|Any CPU.ActiveCfg = Debug|Any CPU
		{6E9AA97B-35CF-4109-9221-1BE7FD05AB00}.Debug|Any CPU.Build.0 = Debug|Any CPU
		{6E9AA97B-35CF-4109-9221-1BE7FD05AB00}.Release|Any CPU.ActiveCfg = Release|Any CPU
		{6E9AA97B-35CF-4109-9221-1BE7FD05AB00}.Release|Any CPU.Build.0 = Release|Any CPU
	EndGlobalSection
	GlobalSection(SolutionProperties) = preSolution
		HideSolutionNode = FALSE
	EndGlobalSection
	GlobalSection(ExtensibilityGlobals) = postSolution
		SolutionGuid = {AB9161F2-C960-4287-A381-090313042C2A}
	EndGlobalSection
EndGlobal
