
Microsoft Visual Studio Solution File, Format Version 12.00
# Visual Studio 15
VisualStudioVersion = 15.0.28010.2036
MinimumVisualStudioVersion = 10.0.40219.1
Project("{FAE04EC0-301F-11D3-BF4B-00C04F79EFBC}") = "1.StreamProgressInfo", "1.StreamProgressInfo\1.StreamProgressInfo.csproj", "{E4355F4A-58B5-4B2A-BF80-E82C70A1FA05}"
EndProject
Project("{FAE04EC0-301F-11D3-BF4B-00C04F79EFBC}") = "2.GraphicEditor", "2.GraphicEditor\2.GraphicEditor.csproj", "{67D3489B-46AC-4603-BEF1-137F17C751D7}"
EndProject
Project("{FAE04EC0-301F-11D3-BF4B-00C04F79EFBC}") = "3.DetailPrinter", "3.DetailPrinter\3.DetailPrinter.csproj", "{CA1554BE-A883-4EB5-9ADA-EF93B7EF6FDE}"
EndProject
Project("{FAE04EC0-301F-11D3-BF4B-00C04F79EFBC}") = "4.Recharge", "4.Recharge\4.Recharge.csproj", "{460AE1E1-DC01-48D4-9C30-5F21E97C0E5C}"
EndProject
Project("{FAE04EC0-301F-11D3-BF4B-00C04F79EFBC}") = "5.SecurityDoor", "5.SecurityDoor\5.SecurityDoor.csproj", "{BBC8EEDB-E916-44EC-8059-1B7434FD3BC9}"
EndProject
Global
	GlobalSection(SolutionConfigurationPlatforms) = preSolution
		Debug|Any CPU = Debug|Any CPU
		Release|Any CPU = Release|Any CPU
	EndGlobalSection
	GlobalSection(ProjectConfigurationPlatforms) = postSolution
		{E4355F4A-58B5-4B2A-BF80-E82C70A1FA05}.Debug|Any CPU.ActiveCfg = Debug|Any CPU
		{E4355F4A-58B5-4B2A-BF80-E82C70A1FA05}.Debug|Any CPU.Build.0 = Debug|Any CPU
		{E4355F4A-58B5-4B2A-BF80-E82C70A1FA05}.Release|Any CPU.ActiveCfg = Release|Any CPU
		{E4355F4A-58B5-4B2A-BF80-E82C70A1FA05}.Release|Any CPU.Build.0 = Release|Any CPU
		{67D3489B-46AC-4603-BEF1-137F17C751D7}.Debug|Any CPU.ActiveCfg = Debug|Any CPU
		{67D3489B-46AC-4603-BEF1-137F17C751D7}.Debug|Any CPU.Build.0 = Debug|Any CPU
		{67D3489B-46AC-4603-BEF1-137F17C751D7}.Release|Any CPU.ActiveCfg = Release|Any CPU
		{67D3489B-46AC-4603-BEF1-137F17C751D7}.Release|Any CPU.Build.0 = Release|Any CPU
		{CA1554BE-A883-4EB5-9ADA-EF93B7EF6FDE}.Debug|Any CPU.ActiveCfg = Debug|Any CPU
		{CA1554BE-A883-4EB5-9ADA-EF93B7EF6FDE}.Debug|Any CPU.Build.0 = Debug|Any CPU
		{CA1554BE-A883-4EB5-9ADA-EF93B7EF6FDE}.Release|Any CPU.ActiveCfg = Release|Any CPU
		{CA1554BE-A883-4EB5-9ADA-EF93B7EF6FDE}.Release|Any CPU.Build.0 = Release|Any CPU
		{460AE1E1-DC01-48D4-9C30-5F21E97C0E5C}.Debug|Any CPU.ActiveCfg = Debug|Any CPU
		{460AE1E1-DC01-48D4-9C30-5F21E97C0E5C}.Debug|Any CPU.Build.0 = Debug|Any CPU
		{460AE1E1-DC01-48D4-9C30-5F21E97C0E5C}.Release|Any CPU.ActiveCfg = Release|Any CPU
		{460AE1E1-DC01-48D4-9C30-5F21E97C0E5C}.Release|Any CPU.Build.0 = Release|Any CPU
		{BBC8EEDB-E916-44EC-8059-1B7434FD3BC9}.Debug|Any CPU.ActiveCfg = Debug|Any CPU
		{BBC8EEDB-E916-44EC-8059-1B7434FD3BC9}.Debug|Any CPU.Build.0 = Debug|Any CPU
		{BBC8EEDB-E916-44EC-8059-1B7434FD3BC9}.Release|Any CPU.ActiveCfg = Release|Any CPU
		{BBC8EEDB-E916-44EC-8059-1B7434FD3BC9}.Release|Any CPU.Build.0 = Release|Any CPU
	EndGlobalSection
	GlobalSection(SolutionProperties) = preSolution
		HideSolutionNode = FALSE
	EndGlobalSection
	GlobalSection(ExtensibilityGlobals) = postSolution
		SolutionGuid = {355EF66A-C8EC-4073-B374-77054065EE9B}
	EndGlobalSection
EndGlobal
