
Microsoft Visual Studio Solution File, Format Version 12.00
# Visual Studio 15
VisualStudioVersion = 15.0.27130.2024
MinimumVisualStudioVersion = 10.0.40219.1
Project("{FAE04EC0-301F-11D3-BF4B-00C04F79EFBC}") = "1.Person", "1.Person\1.Person.csproj", "{AB862EE8-00E8-4490-A679-EDD698273092}"
EndProject
Project("{FAE04EC0-301F-11D3-BF4B-00C04F79EFBC}") = "2.BookShop", "2.BookShop\2.BookShop.csproj", "{9BB2973A-8063-4003-8708-550CE94A7915}"
EndProject
Project("{FAE04EC0-301F-11D3-BF4B-00C04F79EFBC}") = "3.Mankind", "3.Mankind\3.Mankind.csproj", "{D0F88857-DD1F-4234-8AF3-FA03688CAF1C}"
EndProject
Project("{FAE04EC0-301F-11D3-BF4B-00C04F79EFBC}") = "4.OnlineRadioDatabase", "4.OnlineRadioDatabase\4.OnlineRadioDatabase.csproj", "{972BB51D-18C5-44BB-B634-DCC4D39EEDE2}"
EndProject
Global
	GlobalSection(SolutionConfigurationPlatforms) = preSolution
		Debug|Any CPU = Debug|Any CPU
		Release|Any CPU = Release|Any CPU
	EndGlobalSection
	GlobalSection(ProjectConfigurationPlatforms) = postSolution
		{AB862EE8-00E8-4490-A679-EDD698273092}.Debug|Any CPU.ActiveCfg = Debug|Any CPU
		{AB862EE8-00E8-4490-A679-EDD698273092}.Debug|Any CPU.Build.0 = Debug|Any CPU
		{AB862EE8-00E8-4490-A679-EDD698273092}.Release|Any CPU.ActiveCfg = Release|Any CPU
		{AB862EE8-00E8-4490-A679-EDD698273092}.Release|Any CPU.Build.0 = Release|Any CPU
		{9BB2973A-8063-4003-8708-550CE94A7915}.Debug|Any CPU.ActiveCfg = Debug|Any CPU
		{9BB2973A-8063-4003-8708-550CE94A7915}.Debug|Any CPU.Build.0 = Debug|Any CPU
		{9BB2973A-8063-4003-8708-550CE94A7915}.Release|Any CPU.ActiveCfg = Release|Any CPU
		{9BB2973A-8063-4003-8708-550CE94A7915}.Release|Any CPU.Build.0 = Release|Any CPU
		{D0F88857-DD1F-4234-8AF3-FA03688CAF1C}.Debug|Any CPU.ActiveCfg = Debug|Any CPU
		{D0F88857-DD1F-4234-8AF3-FA03688CAF1C}.Debug|Any CPU.Build.0 = Debug|Any CPU
		{D0F88857-DD1F-4234-8AF3-FA03688CAF1C}.Release|Any CPU.ActiveCfg = Release|Any CPU
		{D0F88857-DD1F-4234-8AF3-FA03688CAF1C}.Release|Any CPU.Build.0 = Release|Any CPU
		{972BB51D-18C5-44BB-B634-DCC4D39EEDE2}.Debug|Any CPU.ActiveCfg = Debug|Any CPU
		{972BB51D-18C5-44BB-B634-DCC4D39EEDE2}.Debug|Any CPU.Build.0 = Debug|Any CPU
		{972BB51D-18C5-44BB-B634-DCC4D39EEDE2}.Release|Any CPU.ActiveCfg = Release|Any CPU
		{972BB51D-18C5-44BB-B634-DCC4D39EEDE2}.Release|Any CPU.Build.0 = Release|Any CPU
	EndGlobalSection
	GlobalSection(SolutionProperties) = preSolution
		HideSolutionNode = FALSE
	EndGlobalSection
	GlobalSection(ExtensibilityGlobals) = postSolution
		SolutionGuid = {393DA6FF-8139-46C5-8A28-929C3AE34A68}
	EndGlobalSection
EndGlobal
