
Microsoft Visual Studio Solution File, Format Version 12.00
# Visual Studio 15
VisualStudioVersion = 15.0.26730.12
MinimumVisualStudioVersion = 10.0.40219.1
Project("{FAE04EC0-301F-11D3-BF4B-00C04F79EFBC}") = "1.SoftUniCoffeeOrders", "1.SoftUniCoffeeOrders\1.SoftUniCoffeeOrders.csproj", "{65ED650B-6105-4EC0-86C7-5577E733DE75}"
EndProject
Project("{FAE04EC0-301F-11D3-BF4B-00C04F79EFBC}") = "2.CommandInterpreter", "2.CommandInterpreter\2.CommandInterpreter.csproj", "{362A3B54-19F2-47F3-8B55-E7F3C7C72117}"
EndProject
Project("{FAE04EC0-301F-11D3-BF4B-00C04F79EFBC}") = "3.RageQuit", "3.RageQuit\3.RageQuit.csproj", "{B89449F0-D807-4C68-873D-A2E239065A21}"
EndProject
Project("{FAE04EC0-301F-11D3-BF4B-00C04F79EFBC}") = "4.Files", "4.Files\4.Files.csproj", "{F9AFC4D2-37BB-4AA1-A64D-22D8DD07CA56}"
EndProject
Global
	GlobalSection(SolutionConfigurationPlatforms) = preSolution
		Debug|Any CPU = Debug|Any CPU
		Release|Any CPU = Release|Any CPU
	EndGlobalSection
	GlobalSection(ProjectConfigurationPlatforms) = postSolution
		{65ED650B-6105-4EC0-86C7-5577E733DE75}.Debug|Any CPU.ActiveCfg = Debug|Any CPU
		{65ED650B-6105-4EC0-86C7-5577E733DE75}.Debug|Any CPU.Build.0 = Debug|Any CPU
		{65ED650B-6105-4EC0-86C7-5577E733DE75}.Release|Any CPU.ActiveCfg = Release|Any CPU
		{65ED650B-6105-4EC0-86C7-5577E733DE75}.Release|Any CPU.Build.0 = Release|Any CPU
		{362A3B54-19F2-47F3-8B55-E7F3C7C72117}.Debug|Any CPU.ActiveCfg = Debug|Any CPU
		{362A3B54-19F2-47F3-8B55-E7F3C7C72117}.Debug|Any CPU.Build.0 = Debug|Any CPU
		{362A3B54-19F2-47F3-8B55-E7F3C7C72117}.Release|Any CPU.ActiveCfg = Release|Any CPU
		{362A3B54-19F2-47F3-8B55-E7F3C7C72117}.Release|Any CPU.Build.0 = Release|Any CPU
		{B89449F0-D807-4C68-873D-A2E239065A21}.Debug|Any CPU.ActiveCfg = Debug|Any CPU
		{B89449F0-D807-4C68-873D-A2E239065A21}.Debug|Any CPU.Build.0 = Debug|Any CPU
		{B89449F0-D807-4C68-873D-A2E239065A21}.Release|Any CPU.ActiveCfg = Release|Any CPU
		{B89449F0-D807-4C68-873D-A2E239065A21}.Release|Any CPU.Build.0 = Release|Any CPU
		{F9AFC4D2-37BB-4AA1-A64D-22D8DD07CA56}.Debug|Any CPU.ActiveCfg = Debug|Any CPU
		{F9AFC4D2-37BB-4AA1-A64D-22D8DD07CA56}.Debug|Any CPU.Build.0 = Debug|Any CPU
		{F9AFC4D2-37BB-4AA1-A64D-22D8DD07CA56}.Release|Any CPU.ActiveCfg = Release|Any CPU
		{F9AFC4D2-37BB-4AA1-A64D-22D8DD07CA56}.Release|Any CPU.Build.0 = Release|Any CPU
	EndGlobalSection
	GlobalSection(SolutionProperties) = preSolution
		HideSolutionNode = FALSE
	EndGlobalSection
	GlobalSection(ExtensibilityGlobals) = postSolution
		SolutionGuid = {E1671AC2-875F-4C12-9FB1-AC367D7E17FD}
	EndGlobalSection
EndGlobal
