
Microsoft Visual Studio Solution File, Format Version 12.00
# Visual Studio 15
VisualStudioVersion = 15.0.27130.2024
MinimumVisualStudioVersion = 10.0.40219.1
Project("{FAE04EC0-301F-11D3-BF4B-00C04F79EFBC}") = "1.Vehicles", "1.Vehicles\1.Vehicles.csproj", "{56418D1B-9BA1-43B0-95BD-F50F7959C62A}"
EndProject
Project("{FAE04EC0-301F-11D3-BF4B-00C04F79EFBC}") = "2.VehiclesExtension", "2.VehiclesExtension\2.VehiclesExtension.csproj", "{FF45370A-9D12-40B0-8DBF-B7931AE1B6A8}"
EndProject
Global
	GlobalSection(SolutionConfigurationPlatforms) = preSolution
		Debug|Any CPU = Debug|Any CPU
		Release|Any CPU = Release|Any CPU
	EndGlobalSection
	GlobalSection(ProjectConfigurationPlatforms) = postSolution
		{56418D1B-9BA1-43B0-95BD-F50F7959C62A}.Debug|Any CPU.ActiveCfg = Debug|Any CPU
		{56418D1B-9BA1-43B0-95BD-F50F7959C62A}.Debug|Any CPU.Build.0 = Debug|Any CPU
		{56418D1B-9BA1-43B0-95BD-F50F7959C62A}.Release|Any CPU.ActiveCfg = Release|Any CPU
		{56418D1B-9BA1-43B0-95BD-F50F7959C62A}.Release|Any CPU.Build.0 = Release|Any CPU
		{FF45370A-9D12-40B0-8DBF-B7931AE1B6A8}.Debug|Any CPU.ActiveCfg = Debug|Any CPU
		{FF45370A-9D12-40B0-8DBF-B7931AE1B6A8}.Debug|Any CPU.Build.0 = Debug|Any CPU
		{FF45370A-9D12-40B0-8DBF-B7931AE1B6A8}.Release|Any CPU.ActiveCfg = Release|Any CPU
		{FF45370A-9D12-40B0-8DBF-B7931AE1B6A8}.Release|Any CPU.Build.0 = Release|Any CPU
	EndGlobalSection
	GlobalSection(SolutionProperties) = preSolution
		HideSolutionNode = FALSE
	EndGlobalSection
	GlobalSection(ExtensibilityGlobals) = postSolution
		SolutionGuid = {42C8D6E6-B64F-4425-8A6B-3B30BF665BB5}
	EndGlobalSection
EndGlobal
