
Microsoft Visual Studio Solution File, Format Version 12.00
# Visual Studio 15
VisualStudioVersion = 15.0.26730.10
MinimumVisualStudioVersion = 10.0.40219.1
Project("{FAE04EC0-301F-11D3-BF4B-00C04F79EFBC}") = "1.MatchFullName", "1.MatchFullName\1.MatchFullName.csproj", "{C4411B49-8AFF-4053-AE69-B6CBD7D07293}"
EndProject
Project("{FAE04EC0-301F-11D3-BF4B-00C04F79EFBC}") = "2.MatchPhoneNumber", "2.MatchPhoneNumber\2.MatchPhoneNumber.csproj", "{EBF904A5-F7C0-427F-8637-32096A8FFE5D}"
EndProject
Global
	GlobalSection(SolutionConfigurationPlatforms) = preSolution
		Debug|Any CPU = Debug|Any CPU
		Release|Any CPU = Release|Any CPU
	EndGlobalSection
	GlobalSection(ProjectConfigurationPlatforms) = postSolution
		{C4411B49-8AFF-4053-AE69-B6CBD7D07293}.Debug|Any CPU.ActiveCfg = Debug|Any CPU
		{C4411B49-8AFF-4053-AE69-B6CBD7D07293}.Debug|Any CPU.Build.0 = Debug|Any CPU
		{C4411B49-8AFF-4053-AE69-B6CBD7D07293}.Release|Any CPU.ActiveCfg = Release|Any CPU
		{C4411B49-8AFF-4053-AE69-B6CBD7D07293}.Release|Any CPU.Build.0 = Release|Any CPU
		{EBF904A5-F7C0-427F-8637-32096A8FFE5D}.Debug|Any CPU.ActiveCfg = Debug|Any CPU
		{EBF904A5-F7C0-427F-8637-32096A8FFE5D}.Debug|Any CPU.Build.0 = Debug|Any CPU
		{EBF904A5-F7C0-427F-8637-32096A8FFE5D}.Release|Any CPU.ActiveCfg = Release|Any CPU
		{EBF904A5-F7C0-427F-8637-32096A8FFE5D}.Release|Any CPU.Build.0 = Release|Any CPU
	EndGlobalSection
	GlobalSection(SolutionProperties) = preSolution
		HideSolutionNode = FALSE
	EndGlobalSection
	GlobalSection(ExtensibilityGlobals) = postSolution
		SolutionGuid = {1059A1CF-B630-4977-B8D6-B531589CFDBE}
	EndGlobalSection
EndGlobal
