
Microsoft Visual Studio Solution File, Format Version 12.00
# Visual Studio 15
VisualStudioVersion = 15.0.26403.3
MinimumVisualStudioVersion = 10.0.40219.1
Project("{FAE04EC0-301F-11D3-BF4B-00C04F79EFBC}") = "elka", "elka\elka.csproj", "{926AB03E-1836-46A7-93FB-350C4CE41229}"
EndProject
Project("{FAE04EC0-301F-11D3-BF4B-00C04F79EFBC}") = "TriangleOf55Stars", "TriangleOf55Stars\TriangleOf55Stars.csproj", "{7ABFD42E-9BD5-4D32-80DD-6687EF789C12}"
EndProject
Project("{FAE04EC0-301F-11D3-BF4B-00C04F79EFBC}") = "SquareOFStars", "SquareWithStars\SquareOFStars.csproj", "{F8221F66-B8AA-4C5D-B9FB-1BB342B44405}"
EndProject
Project("{FAE04EC0-301F-11D3-BF4B-00C04F79EFBC}") = "MoneyConvertor", "MoneyConvertor\MoneyConvertor.csproj", "{AA9D3D2D-A3C6-4D15-9142-7ACA2124E01A}"
EndProject
Project("{FAE04EC0-301F-11D3-BF4B-00C04F79EFBC}") = "DatePlus1000Days", "DatePlus1000\DatePlus1000Days.csproj", "{21C22ACF-74D5-4BF2-B524-08349503E541}"
EndProject
Project("{FAE04EC0-301F-11D3-BF4B-00C04F79EFBC}") = "VegetableMarket", "VegetableMarket\VegetableMarket.csproj", "{FDC1D1B6-87D2-4692-BEA1-2B6B70A2C104}"
EndProject
Project("{FAE04EC0-301F-11D3-BF4B-00C04F79EFBC}") = "TileRepair", "TileRepair\TileRepair.csproj", "{2AD61EAD-E8E0-4D5F-92E9-CE17B677B70E}"
EndProject
Project("{FAE04EC0-301F-11D3-BF4B-00C04F79EFBC}") = "Money", "Money\Money.csproj", "{AF1C3589-F397-40EE-BA27-3A5BB5DBF680}"
EndProject
Project("{FAE04EC0-301F-11D3-BF4B-00C04F79EFBC}") = "DailyEarnings", "DailyEarnings\DailyEarnings.csproj", "{8AECB4C6-243A-47F3-AB90-97DC9C95D08B}"
EndProject
Project("{FAE04EC0-301F-11D3-BF4B-00C04F79EFBC}") = "TrainingLab", "TrainingLab\TrainingLab.csproj", "{981C7198-01C9-4DD0-B486-FAC29C3CB97D}"
EndProject
Global
	GlobalSection(SolutionConfigurationPlatforms) = preSolution
		Debug|Any CPU = Debug|Any CPU
		Release|Any CPU = Release|Any CPU
	EndGlobalSection
	GlobalSection(ProjectConfigurationPlatforms) = postSolution
		{926AB03E-1836-46A7-93FB-350C4CE41229}.Debug|Any CPU.ActiveCfg = Debug|Any CPU
		{926AB03E-1836-46A7-93FB-350C4CE41229}.Debug|Any CPU.Build.0 = Debug|Any CPU
		{926AB03E-1836-46A7-93FB-350C4CE41229}.Release|Any CPU.ActiveCfg = Release|Any CPU
		{926AB03E-1836-46A7-93FB-350C4CE41229}.Release|Any CPU.Build.0 = Release|Any CPU
		{7ABFD42E-9BD5-4D32-80DD-6687EF789C12}.Debug|Any CPU.ActiveCfg = Debug|Any CPU
		{7ABFD42E-9BD5-4D32-80DD-6687EF789C12}.Debug|Any CPU.Build.0 = Debug|Any CPU
		{7ABFD42E-9BD5-4D32-80DD-6687EF789C12}.Release|Any CPU.ActiveCfg = Release|Any CPU
		{7ABFD42E-9BD5-4D32-80DD-6687EF789C12}.Release|Any CPU.Build.0 = Release|Any CPU
		{F8221F66-B8AA-4C5D-B9FB-1BB342B44405}.Debug|Any CPU.ActiveCfg = Debug|Any CPU
		{F8221F66-B8AA-4C5D-B9FB-1BB342B44405}.Debug|Any CPU.Build.0 = Debug|Any CPU
		{F8221F66-B8AA-4C5D-B9FB-1BB342B44405}.Release|Any CPU.ActiveCfg = Release|Any CPU
		{F8221F66-B8AA-4C5D-B9FB-1BB342B44405}.Release|Any CPU.Build.0 = Release|Any CPU
		{AA9D3D2D-A3C6-4D15-9142-7ACA2124E01A}.Debug|Any CPU.ActiveCfg = Debug|Any CPU
		{AA9D3D2D-A3C6-4D15-9142-7ACA2124E01A}.Debug|Any CPU.Build.0 = Debug|Any CPU
		{AA9D3D2D-A3C6-4D15-9142-7ACA2124E01A}.Release|Any CPU.ActiveCfg = Release|Any CPU
		{AA9D3D2D-A3C6-4D15-9142-7ACA2124E01A}.Release|Any CPU.Build.0 = Release|Any CPU
		{21C22ACF-74D5-4BF2-B524-08349503E541}.Debug|Any CPU.ActiveCfg = Debug|Any CPU
		{21C22ACF-74D5-4BF2-B524-08349503E541}.Debug|Any CPU.Build.0 = Debug|Any CPU
		{21C22ACF-74D5-4BF2-B524-08349503E541}.Release|Any CPU.ActiveCfg = Release|Any CPU
		{21C22ACF-74D5-4BF2-B524-08349503E541}.Release|Any CPU.Build.0 = Release|Any CPU
		{FDC1D1B6-87D2-4692-BEA1-2B6B70A2C104}.Debug|Any CPU.ActiveCfg = Debug|Any CPU
		{FDC1D1B6-87D2-4692-BEA1-2B6B70A2C104}.Debug|Any CPU.Build.0 = Debug|Any CPU
		{FDC1D1B6-87D2-4692-BEA1-2B6B70A2C104}.Release|Any CPU.ActiveCfg = Release|Any CPU
		{FDC1D1B6-87D2-4692-BEA1-2B6B70A2C104}.Release|Any CPU.Build.0 = Release|Any CPU
		{2AD61EAD-E8E0-4D5F-92E9-CE17B677B70E}.Debug|Any CPU.ActiveCfg = Debug|Any CPU
		{2AD61EAD-E8E0-4D5F-92E9-CE17B677B70E}.Debug|Any CPU.Build.0 = Debug|Any CPU
		{2AD61EAD-E8E0-4D5F-92E9-CE17B677B70E}.Release|Any CPU.ActiveCfg = Release|Any CPU
		{2AD61EAD-E8E0-4D5F-92E9-CE17B677B70E}.Release|Any CPU.Build.0 = Release|Any CPU
		{AF1C3589-F397-40EE-BA27-3A5BB5DBF680}.Debug|Any CPU.ActiveCfg = Debug|Any CPU
		{AF1C3589-F397-40EE-BA27-3A5BB5DBF680}.Debug|Any CPU.Build.0 = Debug|Any CPU
		{AF1C3589-F397-40EE-BA27-3A5BB5DBF680}.Release|Any CPU.ActiveCfg = Release|Any CPU
		{AF1C3589-F397-40EE-BA27-3A5BB5DBF680}.Release|Any CPU.Build.0 = Release|Any CPU
		{8AECB4C6-243A-47F3-AB90-97DC9C95D08B}.Debug|Any CPU.ActiveCfg = Debug|Any CPU
		{8AECB4C6-243A-47F3-AB90-97DC9C95D08B}.Debug|Any CPU.Build.0 = Debug|Any CPU
		{8AECB4C6-243A-47F3-AB90-97DC9C95D08B}.Release|Any CPU.ActiveCfg = Release|Any CPU
		{8AECB4C6-243A-47F3-AB90-97DC9C95D08B}.Release|Any CPU.Build.0 = Release|Any CPU
		{981C7198-01C9-4DD0-B486-FAC29C3CB97D}.Debug|Any CPU.ActiveCfg = Debug|Any CPU
		{981C7198-01C9-4DD0-B486-FAC29C3CB97D}.Debug|Any CPU.Build.0 = Debug|Any CPU
		{981C7198-01C9-4DD0-B486-FAC29C3CB97D}.Release|Any CPU.ActiveCfg = Release|Any CPU
		{981C7198-01C9-4DD0-B486-FAC29C3CB97D}.Release|Any CPU.Build.0 = Release|Any CPU
	EndGlobalSection
	GlobalSection(SolutionProperties) = preSolution
		HideSolutionNode = FALSE
	EndGlobalSection
EndGlobal
