
Microsoft Visual Studio Solution File, Format Version 12.00
# Visual Studio 15
VisualStudioVersion = 15.0.27130.2010
MinimumVisualStudioVersion = 10.0.40219.1
Project("{FAE04EC0-301F-11D3-BF4B-00C04F79EFBC}") = "1.SortPersonsByNameAndAge", "1.SortPersonsByNameAndAge\1.SortPersonsByNameAndAge.csproj", "{32EF8608-BCBE-4379-9389-9A4FB4ED906B}"
EndProject
Project("{FAE04EC0-301F-11D3-BF4B-00C04F79EFBC}") = "2.SalaryIncrease", "2.SalaryIncrease\2.SalaryIncrease.csproj", "{B929B7A5-4BCD-40C7-A5DB-CA24574F796D}"
EndProject
Project("{FAE04EC0-301F-11D3-BF4B-00C04F79EFBC}") = "3.ValidationData", "3.ValidationData\3.ValidationData.csproj", "{3DEBD3BA-9E94-44AE-8AE9-72D41A8EC3E1}"
EndProject
Project("{FAE04EC0-301F-11D3-BF4B-00C04F79EFBC}") = "4.FirstAndReserveTeam", "4.FirstAndReserveTeam\4.FirstAndReserveTeam.csproj", "{D91CF8B8-859F-496D-AAF8-7350C46B47B3}"
EndProject
Global
	GlobalSection(SolutionConfigurationPlatforms) = preSolution
		Debug|Any CPU = Debug|Any CPU
		Release|Any CPU = Release|Any CPU
	EndGlobalSection
	GlobalSection(ProjectConfigurationPlatforms) = postSolution
		{32EF8608-BCBE-4379-9389-9A4FB4ED906B}.Debug|Any CPU.ActiveCfg = Debug|Any CPU
		{32EF8608-BCBE-4379-9389-9A4FB4ED906B}.Debug|Any CPU.Build.0 = Debug|Any CPU
		{32EF8608-BCBE-4379-9389-9A4FB4ED906B}.Release|Any CPU.ActiveCfg = Release|Any CPU
		{32EF8608-BCBE-4379-9389-9A4FB4ED906B}.Release|Any CPU.Build.0 = Release|Any CPU
		{B929B7A5-4BCD-40C7-A5DB-CA24574F796D}.Debug|Any CPU.ActiveCfg = Debug|Any CPU
		{B929B7A5-4BCD-40C7-A5DB-CA24574F796D}.Debug|Any CPU.Build.0 = Debug|Any CPU
		{B929B7A5-4BCD-40C7-A5DB-CA24574F796D}.Release|Any CPU.ActiveCfg = Release|Any CPU
		{B929B7A5-4BCD-40C7-A5DB-CA24574F796D}.Release|Any CPU.Build.0 = Release|Any CPU
		{3DEBD3BA-9E94-44AE-8AE9-72D41A8EC3E1}.Debug|Any CPU.ActiveCfg = Debug|Any CPU
		{3DEBD3BA-9E94-44AE-8AE9-72D41A8EC3E1}.Debug|Any CPU.Build.0 = Debug|Any CPU
		{3DEBD3BA-9E94-44AE-8AE9-72D41A8EC3E1}.Release|Any CPU.ActiveCfg = Release|Any CPU
		{3DEBD3BA-9E94-44AE-8AE9-72D41A8EC3E1}.Release|Any CPU.Build.0 = Release|Any CPU
		{D91CF8B8-859F-496D-AAF8-7350C46B47B3}.Debug|Any CPU.ActiveCfg = Debug|Any CPU
		{D91CF8B8-859F-496D-AAF8-7350C46B47B3}.Debug|Any CPU.Build.0 = Debug|Any CPU
		{D91CF8B8-859F-496D-AAF8-7350C46B47B3}.Release|Any CPU.ActiveCfg = Release|Any CPU
		{D91CF8B8-859F-496D-AAF8-7350C46B47B3}.Release|Any CPU.Build.0 = Release|Any CPU
	EndGlobalSection
	GlobalSection(SolutionProperties) = preSolution
		HideSolutionNode = FALSE
	EndGlobalSection
	GlobalSection(ExtensibilityGlobals) = postSolution
		SolutionGuid = {ADCEC177-8D67-4323-9900-EB2A6F844783}
	EndGlobalSection
EndGlobal
