
Microsoft Visual Studio Solution File, Format Version 12.00
# Visual Studio 15
VisualStudioVersion = 15.0.26430.6
MinimumVisualStudioVersion = 10.0.40219.1
Project("{FAE04EC0-301F-11D3-BF4B-00C04F79EFBC}") = "1-BlankReceipt", "1-BlankReceipt\1-BlankReceipt.csproj", "{01E256A7-2544-413C-9B0D-4E7793C19342}"
EndProject
Project("{FAE04EC0-301F-11D3-BF4B-00C04F79EFBC}") = "2-SignOfIntegerNumber", "2-SignOfIntegerNumber\2-SignOfIntegerNumber.csproj", "{155642E1-12A9-470A-9F8D-0F93B06AB82C}"
EndProject
Project("{FAE04EC0-301F-11D3-BF4B-00C04F79EFBC}") = "3-PrintingTriangle", "3-PrintingTriangle\3-PrintingTriangle.csproj", "{72B3FC6B-6DBF-436D-A086-FBBDD355B1E9}"
EndProject
Project("{FAE04EC0-301F-11D3-BF4B-00C04F79EFBC}") = "4-DrawAFilledSquare", "4-DrawAFilledSquare\4-DrawAFilledSquare.csproj", "{C125450A-1E5E-4FFE-87F8-A47000E85DCB}"
EndProject
Project("{FAE04EC0-301F-11D3-BF4B-00C04F79EFBC}") = "5-CalculateTriangleArea", "5-CalculateTriangleArea\5-CalculateTriangleArea.csproj", "{07DD9F3F-E5BA-43D8-AB70-F19D6FDE8CC4}"
EndProject
Project("{FAE04EC0-301F-11D3-BF4B-00C04F79EFBC}") = "6-MathPower", "6-MathPower\6-MathPower.csproj", "{A60D940E-02DA-4157-8A81-A2396C798800}"
EndProject
Project("{FAE04EC0-301F-11D3-BF4B-00C04F79EFBC}") = "7-GreaterOfTwoValues", "7-GreaterOfTwoValues\7-GreaterOfTwoValues.csproj", "{93A0775A-09A8-4C1D-BA51-D1E565788FD4}"
EndProject
Global
	GlobalSection(SolutionConfigurationPlatforms) = preSolution
		Debug|Any CPU = Debug|Any CPU
		Release|Any CPU = Release|Any CPU
	EndGlobalSection
	GlobalSection(ProjectConfigurationPlatforms) = postSolution
		{01E256A7-2544-413C-9B0D-4E7793C19342}.Debug|Any CPU.ActiveCfg = Debug|Any CPU
		{01E256A7-2544-413C-9B0D-4E7793C19342}.Debug|Any CPU.Build.0 = Debug|Any CPU
		{01E256A7-2544-413C-9B0D-4E7793C19342}.Release|Any CPU.ActiveCfg = Release|Any CPU
		{01E256A7-2544-413C-9B0D-4E7793C19342}.Release|Any CPU.Build.0 = Release|Any CPU
		{155642E1-12A9-470A-9F8D-0F93B06AB82C}.Debug|Any CPU.ActiveCfg = Debug|Any CPU
		{155642E1-12A9-470A-9F8D-0F93B06AB82C}.Debug|Any CPU.Build.0 = Debug|Any CPU
		{155642E1-12A9-470A-9F8D-0F93B06AB82C}.Release|Any CPU.ActiveCfg = Release|Any CPU
		{155642E1-12A9-470A-9F8D-0F93B06AB82C}.Release|Any CPU.Build.0 = Release|Any CPU
		{72B3FC6B-6DBF-436D-A086-FBBDD355B1E9}.Debug|Any CPU.ActiveCfg = Debug|Any CPU
		{72B3FC6B-6DBF-436D-A086-FBBDD355B1E9}.Debug|Any CPU.Build.0 = Debug|Any CPU
		{72B3FC6B-6DBF-436D-A086-FBBDD355B1E9}.Release|Any CPU.ActiveCfg = Release|Any CPU
		{72B3FC6B-6DBF-436D-A086-FBBDD355B1E9}.Release|Any CPU.Build.0 = Release|Any CPU
		{C125450A-1E5E-4FFE-87F8-A47000E85DCB}.Debug|Any CPU.ActiveCfg = Debug|Any CPU
		{C125450A-1E5E-4FFE-87F8-A47000E85DCB}.Debug|Any CPU.Build.0 = Debug|Any CPU
		{C125450A-1E5E-4FFE-87F8-A47000E85DCB}.Release|Any CPU.ActiveCfg = Release|Any CPU
		{C125450A-1E5E-4FFE-87F8-A47000E85DCB}.Release|Any CPU.Build.0 = Release|Any CPU
		{07DD9F3F-E5BA-43D8-AB70-F19D6FDE8CC4}.Debug|Any CPU.ActiveCfg = Debug|Any CPU
		{07DD9F3F-E5BA-43D8-AB70-F19D6FDE8CC4}.Debug|Any CPU.Build.0 = Debug|Any CPU
		{07DD9F3F-E5BA-43D8-AB70-F19D6FDE8CC4}.Release|Any CPU.ActiveCfg = Release|Any CPU
		{07DD9F3F-E5BA-43D8-AB70-F19D6FDE8CC4}.Release|Any CPU.Build.0 = Release|Any CPU
		{A60D940E-02DA-4157-8A81-A2396C798800}.Debug|Any CPU.ActiveCfg = Debug|Any CPU
		{A60D940E-02DA-4157-8A81-A2396C798800}.Debug|Any CPU.Build.0 = Debug|Any CPU
		{A60D940E-02DA-4157-8A81-A2396C798800}.Release|Any CPU.ActiveCfg = Release|Any CPU
		{A60D940E-02DA-4157-8A81-A2396C798800}.Release|Any CPU.Build.0 = Release|Any CPU
		{93A0775A-09A8-4C1D-BA51-D1E565788FD4}.Debug|Any CPU.ActiveCfg = Debug|Any CPU
		{93A0775A-09A8-4C1D-BA51-D1E565788FD4}.Debug|Any CPU.Build.0 = Debug|Any CPU
		{93A0775A-09A8-4C1D-BA51-D1E565788FD4}.Release|Any CPU.ActiveCfg = Release|Any CPU
		{93A0775A-09A8-4C1D-BA51-D1E565788FD4}.Release|Any CPU.Build.0 = Release|Any CPU
	EndGlobalSection
	GlobalSection(SolutionProperties) = preSolution
		HideSolutionNode = FALSE
	EndGlobalSection
EndGlobal
