
Microsoft Visual Studio Solution File, Format Version 12.00
# Visual Studio 15
VisualStudioVersion = 15.0.27703.2018
MinimumVisualStudioVersion = 10.0.40219.1
Project("{FAE04EC0-301F-11D3-BF4B-00C04F79EFBC}") = "1.HarvestingFields", "1.HarvestingFields\1.HarvestingFields.csproj", "{EF9C94C0-D4F7-4C4C-850F-7262C0FEDA3C}"
EndProject
Global
	GlobalSection(SolutionConfigurationPlatforms) = preSolution
		Debug|Any CPU = Debug|Any CPU
		Release|Any CPU = Release|Any CPU
	EndGlobalSection
	GlobalSection(ProjectConfigurationPlatforms) = postSolution
		{EF9C94C0-D4F7-4C4C-850F-7262C0FEDA3C}.Debug|Any CPU.ActiveCfg = Debug|Any CPU
		{EF9C94C0-D4F7-4C4C-850F-7262C0FEDA3C}.Debug|Any CPU.Build.0 = Debug|Any CPU
		{EF9C94C0-D4F7-4C4C-850F-7262C0FEDA3C}.Release|Any CPU.ActiveCfg = Release|Any CPU
		{EF9C94C0-D4F7-4C4C-850F-7262C0FEDA3C}.Release|Any CPU.Build.0 = Release|Any CPU
	EndGlobalSection
	GlobalSection(SolutionProperties) = preSolution
		HideSolutionNode = FALSE
	EndGlobalSection
	GlobalSection(ExtensibilityGlobals) = postSolution
		SolutionGuid = {40225B98-04DF-48E3-B132-8BA0E9B96CE5}
	EndGlobalSection
EndGlobal
