
Microsoft Visual Studio Solution File, Format Version 12.00
# Visual Studio 15
VisualStudioVersion = 15.0.27130.2010
MinimumVisualStudioVersion = 10.0.40219.1
Project("{FAE04EC0-301F-11D3-BF4B-00C04F79EFBC}") = "1.SecondNature", "1.SecondNature\1.SecondNature.csproj", "{554515E6-83F8-4F68-B837-9DC9E38620DC}"
EndProject
Project("{FAE04EC0-301F-11D3-BF4B-00C04F79EFBC}") = "2.NaturesProphet", "2.NaturesProphet\2.NaturesProphet.csproj", "{D62D91F6-C9CB-4ED3-AFB5-03C7F7662BE2}"
EndProject
Project("{FAE04EC0-301F-11D3-BF4B-00C04F79EFBC}") = "3.NMS", "3.NMS\3.NMS.csproj", "{5EEFCFAF-DF76-4E2F-8D6D-95AFCF99CFD7}"
EndProject
Global
	GlobalSection(SolutionConfigurationPlatforms) = preSolution
		Debug|Any CPU = Debug|Any CPU
		Release|Any CPU = Release|Any CPU
	EndGlobalSection
	GlobalSection(ProjectConfigurationPlatforms) = postSolution
		{554515E6-83F8-4F68-B837-9DC9E38620DC}.Debug|Any CPU.ActiveCfg = Debug|Any CPU
		{554515E6-83F8-4F68-B837-9DC9E38620DC}.Debug|Any CPU.Build.0 = Debug|Any CPU
		{554515E6-83F8-4F68-B837-9DC9E38620DC}.Release|Any CPU.ActiveCfg = Release|Any CPU
		{554515E6-83F8-4F68-B837-9DC9E38620DC}.Release|Any CPU.Build.0 = Release|Any CPU
		{D62D91F6-C9CB-4ED3-AFB5-03C7F7662BE2}.Debug|Any CPU.ActiveCfg = Debug|Any CPU
		{D62D91F6-C9CB-4ED3-AFB5-03C7F7662BE2}.Debug|Any CPU.Build.0 = Debug|Any CPU
		{D62D91F6-C9CB-4ED3-AFB5-03C7F7662BE2}.Release|Any CPU.ActiveCfg = Release|Any CPU
		{D62D91F6-C9CB-4ED3-AFB5-03C7F7662BE2}.Release|Any CPU.Build.0 = Release|Any CPU
		{5EEFCFAF-DF76-4E2F-8D6D-95AFCF99CFD7}.Debug|Any CPU.ActiveCfg = Debug|Any CPU
		{5EEFCFAF-DF76-4E2F-8D6D-95AFCF99CFD7}.Debug|Any CPU.Build.0 = Debug|Any CPU
		{5EEFCFAF-DF76-4E2F-8D6D-95AFCF99CFD7}.Release|Any CPU.ActiveCfg = Release|Any CPU
		{5EEFCFAF-DF76-4E2F-8D6D-95AFCF99CFD7}.Release|Any CPU.Build.0 = Release|Any CPU
	EndGlobalSection
	GlobalSection(SolutionProperties) = preSolution
		HideSolutionNode = FALSE
	EndGlobalSection
	GlobalSection(ExtensibilityGlobals) = postSolution
		SolutionGuid = {5D2B82B4-E83C-48E9-A85D-9B5C8687D920}
	EndGlobalSection
EndGlobal
