
Microsoft Visual Studio Solution File, Format Version 12.00
# Visual Studio 15
VisualStudioVersion = 15.0.26730.8
MinimumVisualStudioVersion = 10.0.40219.1
Project("{FAE04EC0-301F-11D3-BF4B-00C04F79EFBC}") = "1.FindTheLetter", "1.FindTheLetter\1.FindTheLetter.csproj", "{2C7AA7A4-4C26-4EC5-B499-344F10CA5065}"
EndProject
Project("{FAE04EC0-301F-11D3-BF4B-00C04F79EFBC}") = "2.Placeholders", "2.Placeholders\2.Placeholders.csproj", "{3FA38A5D-ED26-4740-B445-E7D7B940C4F1}"
EndProject
Project("{FAE04EC0-301F-11D3-BF4B-00C04F79EFBC}") = "3.JSONStringify", "3.JSONStringify\3.JSONStringify.csproj", "{AD296AFC-5D2D-4FDF-B19A-4B2D96C81265}"
EndProject
Project("{FAE04EC0-301F-11D3-BF4B-00C04F79EFBC}") = "4.JSONParse", "4.JSONParse\4.JSONParse.csproj", "{00F2C0D7-0409-4942-B08A-3DEE1EB791EB}"
EndProject
Project("{FAE04EC0-301F-11D3-BF4B-00C04F79EFBC}") = "5.PointsCounter", "5.PointsCounter\5.PointsCounter.csproj", "{A7C51A5C-FCF7-4064-876E-82B789BC0518}"
EndProject
Project("{FAE04EC0-301F-11D3-BF4B-00C04F79EFBC}") = "6.SentenceSplit", "6.SentenceSplit\6.SentenceSplit.csproj", "{4C2C663B-438D-40BB-80CB-3B24636A653F}"
EndProject
Global
	GlobalSection(SolutionConfigurationPlatforms) = preSolution
		Debug|Any CPU = Debug|Any CPU
		Release|Any CPU = Release|Any CPU
	EndGlobalSection
	GlobalSection(ProjectConfigurationPlatforms) = postSolution
		{2C7AA7A4-4C26-4EC5-B499-344F10CA5065}.Debug|Any CPU.ActiveCfg = Debug|Any CPU
		{2C7AA7A4-4C26-4EC5-B499-344F10CA5065}.Debug|Any CPU.Build.0 = Debug|Any CPU
		{2C7AA7A4-4C26-4EC5-B499-344F10CA5065}.Release|Any CPU.ActiveCfg = Release|Any CPU
		{2C7AA7A4-4C26-4EC5-B499-344F10CA5065}.Release|Any CPU.Build.0 = Release|Any CPU
		{3FA38A5D-ED26-4740-B445-E7D7B940C4F1}.Debug|Any CPU.ActiveCfg = Debug|Any CPU
		{3FA38A5D-ED26-4740-B445-E7D7B940C4F1}.Debug|Any CPU.Build.0 = Debug|Any CPU
		{3FA38A5D-ED26-4740-B445-E7D7B940C4F1}.Release|Any CPU.ActiveCfg = Release|Any CPU
		{3FA38A5D-ED26-4740-B445-E7D7B940C4F1}.Release|Any CPU.Build.0 = Release|Any CPU
		{AD296AFC-5D2D-4FDF-B19A-4B2D96C81265}.Debug|Any CPU.ActiveCfg = Debug|Any CPU
		{AD296AFC-5D2D-4FDF-B19A-4B2D96C81265}.Debug|Any CPU.Build.0 = Debug|Any CPU
		{AD296AFC-5D2D-4FDF-B19A-4B2D96C81265}.Release|Any CPU.ActiveCfg = Release|Any CPU
		{AD296AFC-5D2D-4FDF-B19A-4B2D96C81265}.Release|Any CPU.Build.0 = Release|Any CPU
		{00F2C0D7-0409-4942-B08A-3DEE1EB791EB}.Debug|Any CPU.ActiveCfg = Debug|Any CPU
		{00F2C0D7-0409-4942-B08A-3DEE1EB791EB}.Debug|Any CPU.Build.0 = Debug|Any CPU
		{00F2C0D7-0409-4942-B08A-3DEE1EB791EB}.Release|Any CPU.ActiveCfg = Release|Any CPU
		{00F2C0D7-0409-4942-B08A-3DEE1EB791EB}.Release|Any CPU.Build.0 = Release|Any CPU
		{A7C51A5C-FCF7-4064-876E-82B789BC0518}.Debug|Any CPU.ActiveCfg = Debug|Any CPU
		{A7C51A5C-FCF7-4064-876E-82B789BC0518}.Debug|Any CPU.Build.0 = Debug|Any CPU
		{A7C51A5C-FCF7-4064-876E-82B789BC0518}.Release|Any CPU.ActiveCfg = Release|Any CPU
		{A7C51A5C-FCF7-4064-876E-82B789BC0518}.Release|Any CPU.Build.0 = Release|Any CPU
		{4C2C663B-438D-40BB-80CB-3B24636A653F}.Debug|Any CPU.ActiveCfg = Debug|Any CPU
		{4C2C663B-438D-40BB-80CB-3B24636A653F}.Debug|Any CPU.Build.0 = Debug|Any CPU
		{4C2C663B-438D-40BB-80CB-3B24636A653F}.Release|Any CPU.ActiveCfg = Release|Any CPU
		{4C2C663B-438D-40BB-80CB-3B24636A653F}.Release|Any CPU.Build.0 = Release|Any CPU
	EndGlobalSection
	GlobalSection(SolutionProperties) = preSolution
		HideSolutionNode = FALSE
	EndGlobalSection
	GlobalSection(ExtensibilityGlobals) = postSolution
		SolutionGuid = {54844D3B-2741-4099-8022-F9417A0C6FD6}
	EndGlobalSection
EndGlobal
