
Microsoft Visual Studio Solution File, Format Version 12.00
# Visual Studio 15
VisualStudioVersion = 15.0.27004.2005
MinimumVisualStudioVersion = 10.0.40219.1
Project("{FAE04EC0-301F-11D3-BF4B-00C04F79EFBC}") = "1.ReverseStrings", "1.ReverseStrings\1.ReverseStrings.csproj", "{0FF70756-BA41-4DDD-9626-F5CB8DC0E88E}"
EndProject
Project("{FAE04EC0-301F-11D3-BF4B-00C04F79EFBC}") = "2.SimpleCalculator", "2.SimpleCalculator\2.SimpleCalculator.csproj", "{01D26EC4-E6FD-40F8-9542-3B8BBF666BD3}"
EndProject
Project("{FAE04EC0-301F-11D3-BF4B-00C04F79EFBC}") = "3.DecimalToBinaryConverter", "3.DecimalToBinaryConverter\3.DecimalToBinaryConverter.csproj", "{FE0E410B-F9F5-406E-8C07-9ABD3C03E2C0}"
EndProject
Project("{FAE04EC0-301F-11D3-BF4B-00C04F79EFBC}") = "4.MatchingBrackets", "4.MatchingBrackets\4.MatchingBrackets.csproj", "{3E24122F-346E-4533-9830-AE9169D60125}"
EndProject
Project("{FAE04EC0-301F-11D3-BF4B-00C04F79EFBC}") = "5.HotPotato", "5.HotPotato\5.HotPotato.csproj", "{D1E6E4A2-37A1-432C-9C0B-3EDD08648A1D}"
EndProject
Global
	GlobalSection(SolutionConfigurationPlatforms) = preSolution
		Debug|Any CPU = Debug|Any CPU
		Release|Any CPU = Release|Any CPU
	EndGlobalSection
	GlobalSection(ProjectConfigurationPlatforms) = postSolution
		{0FF70756-BA41-4DDD-9626-F5CB8DC0E88E}.Debug|Any CPU.ActiveCfg = Debug|Any CPU
		{0FF70756-BA41-4DDD-9626-F5CB8DC0E88E}.Debug|Any CPU.Build.0 = Debug|Any CPU
		{0FF70756-BA41-4DDD-9626-F5CB8DC0E88E}.Release|Any CPU.ActiveCfg = Release|Any CPU
		{0FF70756-BA41-4DDD-9626-F5CB8DC0E88E}.Release|Any CPU.Build.0 = Release|Any CPU
		{01D26EC4-E6FD-40F8-9542-3B8BBF666BD3}.Debug|Any CPU.ActiveCfg = Debug|Any CPU
		{01D26EC4-E6FD-40F8-9542-3B8BBF666BD3}.Debug|Any CPU.Build.0 = Debug|Any CPU
		{01D26EC4-E6FD-40F8-9542-3B8BBF666BD3}.Release|Any CPU.ActiveCfg = Release|Any CPU
		{01D26EC4-E6FD-40F8-9542-3B8BBF666BD3}.Release|Any CPU.Build.0 = Release|Any CPU
		{FE0E410B-F9F5-406E-8C07-9ABD3C03E2C0}.Debug|Any CPU.ActiveCfg = Debug|Any CPU
		{FE0E410B-F9F5-406E-8C07-9ABD3C03E2C0}.Debug|Any CPU.Build.0 = Debug|Any CPU
		{FE0E410B-F9F5-406E-8C07-9ABD3C03E2C0}.Release|Any CPU.ActiveCfg = Release|Any CPU
		{FE0E410B-F9F5-406E-8C07-9ABD3C03E2C0}.Release|Any CPU.Build.0 = Release|Any CPU
		{3E24122F-346E-4533-9830-AE9169D60125}.Debug|Any CPU.ActiveCfg = Debug|Any CPU
		{3E24122F-346E-4533-9830-AE9169D60125}.Debug|Any CPU.Build.0 = Debug|Any CPU
		{3E24122F-346E-4533-9830-AE9169D60125}.Release|Any CPU.ActiveCfg = Release|Any CPU
		{3E24122F-346E-4533-9830-AE9169D60125}.Release|Any CPU.Build.0 = Release|Any CPU
		{D1E6E4A2-37A1-432C-9C0B-3EDD08648A1D}.Debug|Any CPU.ActiveCfg = Debug|Any CPU
		{D1E6E4A2-37A1-432C-9C0B-3EDD08648A1D}.Debug|Any CPU.Build.0 = Debug|Any CPU
		{D1E6E4A2-37A1-432C-9C0B-3EDD08648A1D}.Release|Any CPU.ActiveCfg = Release|Any CPU
		{D1E6E4A2-37A1-432C-9C0B-3EDD08648A1D}.Release|Any CPU.Build.0 = Release|Any CPU
	EndGlobalSection
	GlobalSection(SolutionProperties) = preSolution
		HideSolutionNode = FALSE
	EndGlobalSection
	GlobalSection(ExtensibilityGlobals) = postSolution
		SolutionGuid = {E3EF5C82-55BC-4C98-B402-A1438944C356}
	EndGlobalSection
EndGlobal
